// !$*UTF8*$!
{
	archiveVersion = 1;
	classes = {
	};
	objectVersion = 51;
	objects = {

/* Begin PBXBuildFile section */
		342E5F4A8997C1B96CDC140B /* Pods_Nutrition_AnalysisTests.framework in Frameworks */ = {isa = PBXBuildFile; fileRef = 2B4EBF56E26A10EE29356AFB /* Pods_Nutrition_AnalysisTests.framework */; };
		8F51699F0CDA1EE2C16EC830 /* Pods_Nutrition_Analysis.framework in Frameworks */ = {isa = PBXBuildFile; fileRef = 259CA991F21B10EEAD949A40 /* Pods_Nutrition_Analysis.framework */; };
		D0682BB5265A3301007DCA3B /* IngredientTableViewCell.swift in Sources */ = {isa = PBXBuildFile; fileRef = D0682BB3265A3301007DCA3B /* IngredientTableViewCell.swift */; };
		D0682BB6265A3301007DCA3B /* IngredientTableViewCell.xib in Resources */ = {isa = PBXBuildFile; fileRef = D0682BB4265A3301007DCA3B /* IngredientTableViewCell.xib */; };
		D0682BE9265B02AD007DCA3B /* LoadingView.swift in Sources */ = {isa = PBXBuildFile; fileRef = D0682BE8265B02AC007DCA3B /* LoadingView.swift */; };
		D0682C0D265B0C06007DCA3B /* AnalyzeDetailsViewController.swift in Sources */ = {isa = PBXBuildFile; fileRef = D0682C0B265B0C06007DCA3B /* AnalyzeDetailsViewController.swift */; };
		D0682C0E265B0C06007DCA3B /* AnalyzeDetailsViewController.xib in Resources */ = {isa = PBXBuildFile; fileRef = D0682C0C265B0C06007DCA3B /* AnalyzeDetailsViewController.xib */; };
		D0682C17265B1111007DCA3B /* DetailsAnalyzeView.swift in Sources */ = {isa = PBXBuildFile; fileRef = D0682C16265B1111007DCA3B /* DetailsAnalyzeView.swift */; };
		D0682C1F265B1118007DCA3B /* DetailsAnalyzeView.xib in Resources */ = {isa = PBXBuildFile; fileRef = D0682C1E265B1118007DCA3B /* DetailsAnalyzeView.xib */; };
		D0746A4F2656AC9500F95EAA /* DynamicBlurView.swift in Sources */ = {isa = PBXBuildFile; fileRef = D0746A482656AC9500F95EAA /* DynamicBlurView.swift */; };
		D0746A502656AC9500F95EAA /* CGImage+Accelerate.swift in Sources */ = {isa = PBXBuildFile; fileRef = D0746A492656AC9500F95EAA /* CGImage+Accelerate.swift */; };
		D0746A512656AC9500F95EAA /* BlurLayer.swift in Sources */ = {isa = PBXBuildFile; fileRef = D0746A4A2656AC9500F95EAA /* BlurLayer.swift */; };
		D0746A522656AC9500F95EAA /* CaptureQuality.swift in Sources */ = {isa = PBXBuildFile; fileRef = D0746A4B2656AC9500F95EAA /* CaptureQuality.swift */; };
		D0746A532656AC9500F95EAA /* CGContext+CGImage.swift in Sources */ = {isa = PBXBuildFile; fileRef = D0746A4C2656AC9500F95EAA /* CGContext+CGImage.swift */; };
		D0746A542656AC9500F95EAA /* UIImage+Blur.swift in Sources */ = {isa = PBXBuildFile; fileRef = D0746A4D2656AC9500F95EAA /* UIImage+Blur.swift */; };
		D0746A552656AC9500F95EAA /* TrackingMode.swift in Sources */ = {isa = PBXBuildFile; fileRef = D0746A4E2656AC9500F95EAA /* TrackingMode.swift */; };
		D0746A692656ACA800F95EAA /* InteractiveTransition.swift in Sources */ = {isa = PBXBuildFile; fileRef = D0746A592656ACA700F95EAA /* InteractiveTransition.swift */; };
		D0746A6A2656ACA800F95EAA /* PresentationController.swift in Sources */ = {isa = PBXBuildFile; fileRef = D0746A5A2656ACA700F95EAA /* PresentationController.swift */; };
		D0746A6B2656ACA800F95EAA /* TransitionAnimations.swift in Sources */ = {isa = PBXBuildFile; fileRef = D0746A5B2656ACA700F95EAA /* TransitionAnimations.swift */; };
		D0746A6C2656ACA800F95EAA /* PopupDialogDefaultViewController.swift in Sources */ = {isa = PBXBuildFile; fileRef = D0746A5C2656ACA700F95EAA /* PopupDialogDefaultViewController.swift */; };
		D0746A6D2656ACA800F95EAA /* TransitionAnimator.swift in Sources */ = {isa = PBXBuildFile; fileRef = D0746A5D2656ACA700F95EAA /* TransitionAnimator.swift */; };
		D0746A6E2656ACA800F95EAA /* UIImageView+Calculations.swift in Sources */ = {isa = PBXBuildFile; fileRef = D0746A5E2656ACA700F95EAA /* UIImageView+Calculations.swift */; };
		D0746A6F2656ACA800F95EAA /* PopupDialogDefaultButtons.swift in Sources */ = {isa = PBXBuildFile; fileRef = D0746A5F2656ACA700F95EAA /* PopupDialogDefaultButtons.swift */; };
		D0746A702656ACA800F95EAA /* PopupDialogDefaultView.swift in Sources */ = {isa = PBXBuildFile; fileRef = D0746A602656ACA700F95EAA /* PopupDialogDefaultView.swift */; };
		D0746A712656ACA800F95EAA /* PopupDialog.swift in Sources */ = {isa = PBXBuildFile; fileRef = D0746A612656ACA700F95EAA /* PopupDialog.swift */; };
		D0746A722656ACA800F95EAA /* PopupDialogOverlayView.swift in Sources */ = {isa = PBXBuildFile; fileRef = D0746A622656ACA700F95EAA /* PopupDialogOverlayView.swift */; };
		D0746A732656ACA800F95EAA /* PopupDialogButton.swift in Sources */ = {isa = PBXBuildFile; fileRef = D0746A632656ACA700F95EAA /* PopupDialogButton.swift */; };
		D0746A742656ACA800F95EAA /* UIViewController+Visibility.swift in Sources */ = {isa = PBXBuildFile; fileRef = D0746A642656ACA700F95EAA /* UIViewController+Visibility.swift */; };
		D0746A752656ACA800F95EAA /* PopupDialog+Keyboard.swift in Sources */ = {isa = PBXBuildFile; fileRef = D0746A652656ACA700F95EAA /* PopupDialog+Keyboard.swift */; };
		D0746A762656ACA800F95EAA /* UIView+Animations.swift in Sources */ = {isa = PBXBuildFile; fileRef = D0746A662656ACA800F95EAA /* UIView+Animations.swift */; };
		D0746A772656ACA800F95EAA /* PopupDialogContainerView.swift in Sources */ = {isa = PBXBuildFile; fileRef = D0746A672656ACA800F95EAA /* PopupDialogContainerView.swift */; };
		D0746A782656ACA800F95EAA /* PresentationManager.swift in Sources */ = {isa = PBXBuildFile; fileRef = D0746A682656ACA800F95EAA /* PresentationManager.swift */; };
		D0746A912656ACD000F95EAA /* UIView+Extension.swift in Sources */ = {isa = PBXBuildFile; fileRef = D0746A7D2656ACCF00F95EAA /* UIView+Extension.swift */; };
		D0746A932656ACD000F95EAA /* UIButton+Additions.swift in Sources */ = {isa = PBXBuildFile; fileRef = D0746A7F2656ACCF00F95EAA /* UIButton+Additions.swift */; };
		D0746A942656ACD000F95EAA /* UIFont+Additions.swift in Sources */ = {isa = PBXBuildFile; fileRef = D0746A802656ACCF00F95EAA /* UIFont+Additions.swift */; };
		D0746A962656ACD000F95EAA /* UILabel+Additions.swift in Sources */ = {isa = PBXBuildFile; fileRef = D0746A822656ACCF00F95EAA /* UILabel+Additions.swift */; };
		D0746A972656ACD000F95EAA /* UIView+Additions.swift in Sources */ = {isa = PBXBuildFile; fileRef = D0746A832656ACCF00F95EAA /* UIView+Additions.swift */; };
		D0746A9A2656ACD000F95EAA /* UIViewController+Additions.swift in Sources */ = {isa = PBXBuildFile; fileRef = D0746A862656ACD000F95EAA /* UIViewController+Additions.swift */; };
		D0746A9B2656ACD000F95EAA /* UIFont+Extentions.swift in Sources */ = {isa = PBXBuildFile; fileRef = D0746A872656ACD000F95EAA /* UIFont+Extentions.swift */; };
		D0746AA22656ACD000F95EAA /* UINavigationController+Extension.swift in Sources */ = {isa = PBXBuildFile; fileRef = D0746A8E2656ACD000F95EAA /* UINavigationController+Extension.swift */; };
		D0746AA32656ACD000F95EAA /* UIScrollView+Extension.swift in Sources */ = {isa = PBXBuildFile; fileRef = D0746A8F2656ACD000F95EAA /* UIScrollView+Extension.swift */; };
		D0746AA42656ACD000F95EAA /* UITextField+Additions.swift in Sources */ = {isa = PBXBuildFile; fileRef = D0746A902656ACD000F95EAA /* UITextField+Additions.swift */; };
		D0749E552655422A00A444F5 /* AppDelegate.swift in Sources */ = {isa = PBXBuildFile; fileRef = D0749E542655422A00A444F5 /* AppDelegate.swift */; };
		D0749E572655422A00A444F5 /* SceneDelegate.swift in Sources */ = {isa = PBXBuildFile; fileRef = D0749E562655422A00A444F5 /* SceneDelegate.swift */; };
		D0749E592655422A00A444F5 /* NutritionViewController.swift in Sources */ = {isa = PBXBuildFile; fileRef = D0749E582655422A00A444F5 /* NutritionViewController.swift */; };
		D0749E5C2655422A00A444F5 /* Main.storyboard in Resources */ = {isa = PBXBuildFile; fileRef = D0749E5A2655422A00A444F5 /* Main.storyboard */; };
		D0749E5E2655422B00A444F5 /* Assets.xcassets in Resources */ = {isa = PBXBuildFile; fileRef = D0749E5D2655422B00A444F5 /* Assets.xcassets */; };
		D0749E612655422B00A444F5 /* LaunchScreen.storyboard in Resources */ = {isa = PBXBuildFile; fileRef = D0749E5F2655422B00A444F5 /* LaunchScreen.storyboard */; };
		D0749E6C2655422B00A444F5 /* Nutrition_AnalysisTests.swift in Sources */ = {isa = PBXBuildFile; fileRef = D0749E6B2655422B00A444F5 /* Nutrition_AnalysisTests.swift */; };
		D0749E772655422B00A444F5 /* Nutrition_AnalysisUITests.swift in Sources */ = {isa = PBXBuildFile; fileRef = D0749E762655422B00A444F5 /* Nutrition_AnalysisUITests.swift */; };
		D07EC1C3265693F300FEB1CA /* NutritionViewModel.swift in Sources */ = {isa = PBXBuildFile; fileRef = D07EC1C2265693F300FEB1CA /* NutritionViewModel.swift */; };
		D07FCC4426599FA9009AEF7D /* NutritionBuilder.swift in Sources */ = {isa = PBXBuildFile; fileRef = D07FCC4326599FA9009AEF7D /* NutritionBuilder.swift */; };
		D07FCC502659A16C009AEF7D /* BaseCoordinator.swift in Sources */ = {isa = PBXBuildFile; fileRef = D07FCC4F2659A16C009AEF7D /* BaseCoordinator.swift */; };
		D07FCC5A2659A5BC009AEF7D /* NewRecipeViewController.swift in Sources */ = {isa = PBXBuildFile; fileRef = D07FCC582659A5BC009AEF7D /* NewRecipeViewController.swift */; };
		D07FCC5B2659A5BC009AEF7D /* NewRecipeViewController.xib in Resources */ = {isa = PBXBuildFile; fileRef = D07FCC592659A5BC009AEF7D /* NewRecipeViewController.xib */; };
		D07FCC792659BE1C009AEF7D /* NewIngredientViewController.swift in Sources */ = {isa = PBXBuildFile; fileRef = D07FCC772659BE1C009AEF7D /* NewIngredientViewController.swift */; };
		D07FCC7A2659BE1C009AEF7D /* NewIngredientViewController.xib in Resources */ = {isa = PBXBuildFile; fileRef = D07FCC782659BE1C009AEF7D /* NewIngredientViewController.xib */; };
		D07FCC9C2659D670009AEF7D /* NutritionTarget.swift in Sources */ = {isa = PBXBuildFile; fileRef = D07FCC9B2659D670009AEF7D /* NutritionTarget.swift */; };
		D07FCCA12659DA2A009AEF7D /* NutritionService.swift in Sources */ = {isa = PBXBuildFile; fileRef = D07FCCA02659DA2A009AEF7D /* NutritionService.swift */; };
		D0C33101265BB1C80081C411 /* IngredientModel.swift in Sources */ = {isa = PBXBuildFile; fileRef = D0C33100265BB1C80081C411 /* IngredientModel.swift */; };
		D0CED4D62659E211005A8993 /* SUGAR.swift in Sources */ = {isa = PBXBuildFile; fileRef = D0CED4AF2659E20C005A8993 /* SUGAR.swift */; };
		D0CED4D72659E211005A8993 /* NA.swift in Sources */ = {isa = PBXBuildFile; fileRef = D0CED4B02659E20C005A8993 /* NA.swift */; };
		D0CED4D82659E211005A8993 /* FOLFD.swift in Sources */ = {isa = PBXBuildFile; fileRef = D0CED4B12659E20C005A8993 /* FOLFD.swift */; };
		D0CED4D92659E211005A8993 /* TotalDaily.swift in Sources */ = {isa = PBXBuildFile; fileRef = D0CED4B22659E20C005A8993 /* TotalDaily.swift */; };
		D0CED4DA2659E211005A8993 /* FATRN.swift in Sources */ = {isa = PBXBuildFile; fileRef = D0CED4B32659E20D005A8993 /* FATRN.swift */; };
		D0CED4DB2659E211005A8993 /* FASAT.swift in Sources */ = {isa = PBXBuildFile; fileRef = D0CED4B42659E20D005A8993 /* FASAT.swift */; };
		D0CED4DC2659E211005A8993 /* VITD.swift in Sources */ = {isa = PBXBuildFile; fileRef = D0CED4B52659E20D005A8993 /* VITD.swift */; };
		D0CED4DD2659E211005A8993 /* FE.swift in Sources */ = {isa = PBXBuildFile; fileRef = D0CED4B62659E20D005A8993 /* FE.swift */; };
		D0CED4DE2659E211005A8993 /* CHOCDF.swift in Sources */ = {isa = PBXBuildFile; fileRef = D0CED4B72659E20D005A8993 /* CHOCDF.swift */; };
		D0CED4DF2659E211005A8993 /* PROCNT_KCAL.swift in Sources */ = {isa = PBXBuildFile; fileRef = D0CED4B82659E20D005A8993 /* PROCNT_KCAL.swift */; };
		D0CED4E02659E211005A8993 /* FAT.swift in Sources */ = {isa = PBXBuildFile; fileRef = D0CED4B92659E20D005A8993 /* FAT.swift */; };
		D0CED4E12659E211005A8993 /* PROCNT.swift in Sources */ = {isa = PBXBuildFile; fileRef = D0CED4BA2659E20E005A8993 /* PROCNT.swift */; };
		D0CED4E22659E211005A8993 /* FAMS.swift in Sources */ = {isa = PBXBuildFile; fileRef = D0CED4BB2659E20E005A8993 /* FAMS.swift */; };
		D0CED4E32659E211005A8993 /* THIA.swift in Sources */ = {isa = PBXBuildFile; fileRef = D0CED4BC2659E20E005A8993 /* THIA.swift */; };
		D0CED4E42659E211005A8993 /* VITB12.swift in Sources */ = {isa = PBXBuildFile; fileRef = D0CED4BD2659E20E005A8993 /* VITB12.swift */; };
		D0CED4E52659E211005A8993 /* VITA_RAE.swift in Sources */ = {isa = PBXBuildFile; fileRef = D0CED4BE2659E20E005A8993 /* VITA_RAE.swift */; };
		D0CED4E62659E211005A8993 /* FAPU.swift in Sources */ = {isa = PBXBuildFile; fileRef = D0CED4BF2659E20E005A8993 /* FAPU.swift */; };
		D0CED4E72659E211005A8993 /* FOLAC.swift in Sources */ = {isa = PBXBuildFile; fileRef = D0CED4C02659E20E005A8993 /* FOLAC.swift */; };
		D0CED4E82659E211005A8993 /* NutritionAnalyzeResponse.swift in Sources */ = {isa = PBXBuildFile; fileRef = D0CED4C12659E20F005A8993 /* NutritionAnalyzeResponse.swift */; };
		D0CED4E92659E211005A8993 /* FAT_KCAL.swift in Sources */ = {isa = PBXBuildFile; fileRef = D0CED4C22659E20F005A8993 /* FAT_KCAL.swift */; };
		D0CED4EA2659E211005A8993 /* VITB6A.swift in Sources */ = {isa = PBXBuildFile; fileRef = D0CED4C32659E20F005A8993 /* VITB6A.swift */; };
		D0CED4EB2659E211005A8993 /* BaseModelInt.swift in Sources */ = {isa = PBXBuildFile; fileRef = D0CED4C42659E20F005A8993 /* BaseModelInt.swift */; };
		D0CED4EC2659E211005A8993 /* ZN.swift in Sources */ = {isa = PBXBuildFile; fileRef = D0CED4C52659E20F005A8993 /* ZN.swift */; };
		D0CED4ED2659E211005A8993 /* CHOLE.swift in Sources */ = {isa = PBXBuildFile; fileRef = D0CED4C62659E20F005A8993 /* CHOLE.swift */; };
		D0CED4EE2659E211005A8993 /* MG.swift in Sources */ = {isa = PBXBuildFile; fileRef = D0CED4C72659E20F005A8993 /* MG.swift */; };
		D0CED4EF2659E211005A8993 /* P.swift in Sources */ = {isa = PBXBuildFile; fileRef = D0CED4C82659E210005A8993 /* P.swift */; };
		D0CED4F02659E211005A8993 /* TOCPHA.swift in Sources */ = {isa = PBXBuildFile; fileRef = D0CED4C92659E210005A8993 /* TOCPHA.swift */; };
		D0CED4F12659E211005A8993 /* TotalNutrients.swift in Sources */ = {isa = PBXBuildFile; fileRef = D0CED4CA2659E210005A8993 /* TotalNutrients.swift */; };
		D0CED4F22659E211005A8993 /* VITK1.swift in Sources */ = {isa = PBXBuildFile; fileRef = D0CED4CB2659E210005A8993 /* VITK1.swift */; };
		D0CED4F32659E211005A8993 /* FOLDFE.swift in Sources */ = {isa = PBXBuildFile; fileRef = D0CED4CC2659E210005A8993 /* FOLDFE.swift */; };
		D0CED4F42659E211005A8993 /* WATER.swift in Sources */ = {isa = PBXBuildFile; fileRef = D0CED4CD2659E210005A8993 /* WATER.swift */; };
		D0CED4F52659E211005A8993 /* K.swift in Sources */ = {isa = PBXBuildFile; fileRef = D0CED4CE2659E210005A8993 /* K.swift */; };
		D0CED4F62659E211005A8993 /* BaseModelDouble.swift in Sources */ = {isa = PBXBuildFile; fileRef = D0CED4CF2659E211005A8993 /* BaseModelDouble.swift */; };
		D0CED4F72659E211005A8993 /* VITC.swift in Sources */ = {isa = PBXBuildFile; fileRef = D0CED4D02659E211005A8993 /* VITC.swift */; };
		D0CED4F82659E211005A8993 /* ENERC_KCAL.swift in Sources */ = {isa = PBXBuildFile; fileRef = D0CED4D12659E211005A8993 /* ENERC_KCAL.swift */; };
		D0CED4F92659E211005A8993 /* FIBTG.swift in Sources */ = {isa = PBXBuildFile; fileRef = D0CED4D22659E211005A8993 /* FIBTG.swift */; };
		D0CED4FA2659E211005A8993 /* RIBF.swift in Sources */ = {isa = PBXBuildFile; fileRef = D0CED4D32659E211005A8993 /* RIBF.swift */; };
		D0CED4FB2659E211005A8993 /* TotalNutrientsKCal.swift in Sources */ = {isa = PBXBuildFile; fileRef = D0CED4D42659E211005A8993 /* TotalNutrientsKCal.swift */; };
		D0CED4FC2659E211005A8993 /* NIA.swift in Sources */ = {isa = PBXBuildFile; fileRef = D0CED4D52659E211005A8993 /* NIA.swift */; };
		D0ECE8E12658A2A70035AD2F /* NutritionCoordinator.swift in Sources */ = {isa = PBXBuildFile; fileRef = D0ECE8E02658A2A70035AD2F /* NutritionCoordinator.swift */; };
		E88A843466FC4F5AD4C728E5 /* Pods_Nutrition_Analysis_Nutrition_AnalysisUITests.framework in Frameworks */ = {isa = PBXBuildFile; fileRef = 98E132C155137DC4849EDACB /* Pods_Nutrition_Analysis_Nutrition_AnalysisUITests.framework */; };
/* End PBXBuildFile section */

/* Begin PBXContainerItemProxy section */
		D0749E682655422B00A444F5 /* PBXContainerItemProxy */ = {
			isa = PBXContainerItemProxy;
			containerPortal = D0749E492655422A00A444F5 /* Project object */;
			proxyType = 1;
			remoteGlobalIDString = D0749E502655422A00A444F5;
			remoteInfo = "Nutrition Analysis";
		};
		D0749E732655422B00A444F5 /* PBXContainerItemProxy */ = {
			isa = PBXContainerItemProxy;
			containerPortal = D0749E492655422A00A444F5 /* Project object */;
			proxyType = 1;
			remoteGlobalIDString = D0749E502655422A00A444F5;
			remoteInfo = "Nutrition Analysis";
		};
/* End PBXContainerItemProxy section */

/* Begin PBXFileReference section */
		0E77147CEF4B01119426A7BD /* Pods-Nutrition Analysis.debug.xcconfig */ = {isa = PBXFileReference; includeInIndex = 1; lastKnownFileType = text.xcconfig; name = "Pods-Nutrition Analysis.debug.xcconfig"; path = "Target Support Files/Pods-Nutrition Analysis/Pods-Nutrition Analysis.debug.xcconfig"; sourceTree = "<group>"; };
		259CA991F21B10EEAD949A40 /* Pods_Nutrition_Analysis.framework */ = {isa = PBXFileReference; explicitFileType = wrapper.framework; includeInIndex = 0; path = Pods_Nutrition_Analysis.framework; sourceTree = BUILT_PRODUCTS_DIR; };
		2B4EBF56E26A10EE29356AFB /* Pods_Nutrition_AnalysisTests.framework */ = {isa = PBXFileReference; explicitFileType = wrapper.framework; includeInIndex = 0; path = Pods_Nutrition_AnalysisTests.framework; sourceTree = BUILT_PRODUCTS_DIR; };
		7710DC2512A63B2A086DC498 /* Pods-Nutrition Analysis.release.xcconfig */ = {isa = PBXFileReference; includeInIndex = 1; lastKnownFileType = text.xcconfig; name = "Pods-Nutrition Analysis.release.xcconfig"; path = "Target Support Files/Pods-Nutrition Analysis/Pods-Nutrition Analysis.release.xcconfig"; sourceTree = "<group>"; };
		7EE08287EA22174A056E8BE2 /* Pods-Nutrition AnalysisTests.debug.xcconfig */ = {isa = PBXFileReference; includeInIndex = 1; lastKnownFileType = text.xcconfig; name = "Pods-Nutrition AnalysisTests.debug.xcconfig"; path = "Target Support Files/Pods-Nutrition AnalysisTests/Pods-Nutrition AnalysisTests.debug.xcconfig"; sourceTree = "<group>"; };
		8B52500C5930AC83AAED1D49 /* Pods-Nutrition AnalysisTests.release.xcconfig */ = {isa = PBXFileReference; includeInIndex = 1; lastKnownFileType = text.xcconfig; name = "Pods-Nutrition AnalysisTests.release.xcconfig"; path = "Target Support Files/Pods-Nutrition AnalysisTests/Pods-Nutrition AnalysisTests.release.xcconfig"; sourceTree = "<group>"; };
		98E132C155137DC4849EDACB /* Pods_Nutrition_Analysis_Nutrition_AnalysisUITests.framework */ = {isa = PBXFileReference; explicitFileType = wrapper.framework; includeInIndex = 0; path = Pods_Nutrition_Analysis_Nutrition_AnalysisUITests.framework; sourceTree = BUILT_PRODUCTS_DIR; };
		C98171584558B6FA28F8350A /* Pods-Nutrition Analysis-Nutrition AnalysisUITests.debug.xcconfig */ = {isa = PBXFileReference; includeInIndex = 1; lastKnownFileType = text.xcconfig; name = "Pods-Nutrition Analysis-Nutrition AnalysisUITests.debug.xcconfig"; path = "Target Support Files/Pods-Nutrition Analysis-Nutrition AnalysisUITests/Pods-Nutrition Analysis-Nutrition AnalysisUITests.debug.xcconfig"; sourceTree = "<group>"; };
		D0682BB3265A3301007DCA3B /* IngredientTableViewCell.swift */ = {isa = PBXFileReference; lastKnownFileType = sourcecode.swift; path = IngredientTableViewCell.swift; sourceTree = "<group>"; };
		D0682BB4265A3301007DCA3B /* IngredientTableViewCell.xib */ = {isa = PBXFileReference; lastKnownFileType = file.xib; path = IngredientTableViewCell.xib; sourceTree = "<group>"; };
		D0682BE8265B02AC007DCA3B /* LoadingView.swift */ = {isa = PBXFileReference; lastKnownFileType = sourcecode.swift; path = LoadingView.swift; sourceTree = "<group>"; };
		D0682C0B265B0C06007DCA3B /* AnalyzeDetailsViewController.swift */ = {isa = PBXFileReference; lastKnownFileType = sourcecode.swift; path = AnalyzeDetailsViewController.swift; sourceTree = "<group>"; };
		D0682C0C265B0C06007DCA3B /* AnalyzeDetailsViewController.xib */ = {isa = PBXFileReference; lastKnownFileType = file.xib; path = AnalyzeDetailsViewController.xib; sourceTree = "<group>"; };
		D0682C16265B1111007DCA3B /* DetailsAnalyzeView.swift */ = {isa = PBXFileReference; lastKnownFileType = sourcecode.swift; path = DetailsAnalyzeView.swift; sourceTree = "<group>"; };
		D0682C1E265B1118007DCA3B /* DetailsAnalyzeView.xib */ = {isa = PBXFileReference; lastKnownFileType = file.xib; path = DetailsAnalyzeView.xib; sourceTree = "<group>"; };
		D0746A472656AC9500F95EAA /* DynamicBlurView.h */ = {isa = PBXFileReference; fileEncoding = 4; lastKnownFileType = sourcecode.c.h; path = DynamicBlurView.h; sourceTree = "<group>"; };
		D0746A482656AC9500F95EAA /* DynamicBlurView.swift */ = {isa = PBXFileReference; fileEncoding = 4; lastKnownFileType = sourcecode.swift; path = DynamicBlurView.swift; sourceTree = "<group>"; };
		D0746A492656AC9500F95EAA /* CGImage+Accelerate.swift */ = {isa = PBXFileReference; fileEncoding = 4; lastKnownFileType = sourcecode.swift; path = "CGImage+Accelerate.swift"; sourceTree = "<group>"; };
		D0746A4A2656AC9500F95EAA /* BlurLayer.swift */ = {isa = PBXFileReference; fileEncoding = 4; lastKnownFileType = sourcecode.swift; path = BlurLayer.swift; sourceTree = "<group>"; };
		D0746A4B2656AC9500F95EAA /* CaptureQuality.swift */ = {isa = PBXFileReference; fileEncoding = 4; lastKnownFileType = sourcecode.swift; path = CaptureQuality.swift; sourceTree = "<group>"; };
		D0746A4C2656AC9500F95EAA /* CGContext+CGImage.swift */ = {isa = PBXFileReference; fileEncoding = 4; lastKnownFileType = sourcecode.swift; path = "CGContext+CGImage.swift"; sourceTree = "<group>"; };
		D0746A4D2656AC9500F95EAA /* UIImage+Blur.swift */ = {isa = PBXFileReference; fileEncoding = 4; lastKnownFileType = sourcecode.swift; path = "UIImage+Blur.swift"; sourceTree = "<group>"; };
		D0746A4E2656AC9500F95EAA /* TrackingMode.swift */ = {isa = PBXFileReference; fileEncoding = 4; lastKnownFileType = sourcecode.swift; path = TrackingMode.swift; sourceTree = "<group>"; };
		D0746A592656ACA700F95EAA /* InteractiveTransition.swift */ = {isa = PBXFileReference; fileEncoding = 4; lastKnownFileType = sourcecode.swift; path = InteractiveTransition.swift; sourceTree = "<group>"; };
		D0746A5A2656ACA700F95EAA /* PresentationController.swift */ = {isa = PBXFileReference; fileEncoding = 4; lastKnownFileType = sourcecode.swift; path = PresentationController.swift; sourceTree = "<group>"; };
		D0746A5B2656ACA700F95EAA /* TransitionAnimations.swift */ = {isa = PBXFileReference; fileEncoding = 4; lastKnownFileType = sourcecode.swift; path = TransitionAnimations.swift; sourceTree = "<group>"; };
		D0746A5C2656ACA700F95EAA /* PopupDialogDefaultViewController.swift */ = {isa = PBXFileReference; fileEncoding = 4; lastKnownFileType = sourcecode.swift; path = PopupDialogDefaultViewController.swift; sourceTree = "<group>"; };
		D0746A5D2656ACA700F95EAA /* TransitionAnimator.swift */ = {isa = PBXFileReference; fileEncoding = 4; lastKnownFileType = sourcecode.swift; path = TransitionAnimator.swift; sourceTree = "<group>"; };
		D0746A5E2656ACA700F95EAA /* UIImageView+Calculations.swift */ = {isa = PBXFileReference; fileEncoding = 4; lastKnownFileType = sourcecode.swift; path = "UIImageView+Calculations.swift"; sourceTree = "<group>"; };
		D0746A5F2656ACA700F95EAA /* PopupDialogDefaultButtons.swift */ = {isa = PBXFileReference; fileEncoding = 4; lastKnownFileType = sourcecode.swift; path = PopupDialogDefaultButtons.swift; sourceTree = "<group>"; };
		D0746A602656ACA700F95EAA /* PopupDialogDefaultView.swift */ = {isa = PBXFileReference; fileEncoding = 4; lastKnownFileType = sourcecode.swift; path = PopupDialogDefaultView.swift; sourceTree = "<group>"; };
		D0746A612656ACA700F95EAA /* PopupDialog.swift */ = {isa = PBXFileReference; fileEncoding = 4; lastKnownFileType = sourcecode.swift; path = PopupDialog.swift; sourceTree = "<group>"; };
		D0746A622656ACA700F95EAA /* PopupDialogOverlayView.swift */ = {isa = PBXFileReference; fileEncoding = 4; lastKnownFileType = sourcecode.swift; path = PopupDialogOverlayView.swift; sourceTree = "<group>"; };
		D0746A632656ACA700F95EAA /* PopupDialogButton.swift */ = {isa = PBXFileReference; fileEncoding = 4; lastKnownFileType = sourcecode.swift; path = PopupDialogButton.swift; sourceTree = "<group>"; };
		D0746A642656ACA700F95EAA /* UIViewController+Visibility.swift */ = {isa = PBXFileReference; fileEncoding = 4; lastKnownFileType = sourcecode.swift; path = "UIViewController+Visibility.swift"; sourceTree = "<group>"; };
		D0746A652656ACA700F95EAA /* PopupDialog+Keyboard.swift */ = {isa = PBXFileReference; fileEncoding = 4; lastKnownFileType = sourcecode.swift; path = "PopupDialog+Keyboard.swift"; sourceTree = "<group>"; };
		D0746A662656ACA800F95EAA /* UIView+Animations.swift */ = {isa = PBXFileReference; fileEncoding = 4; lastKnownFileType = sourcecode.swift; path = "UIView+Animations.swift"; sourceTree = "<group>"; };
		D0746A672656ACA800F95EAA /* PopupDialogContainerView.swift */ = {isa = PBXFileReference; fileEncoding = 4; lastKnownFileType = sourcecode.swift; path = PopupDialogContainerView.swift; sourceTree = "<group>"; };
		D0746A682656ACA800F95EAA /* PresentationManager.swift */ = {isa = PBXFileReference; fileEncoding = 4; lastKnownFileType = sourcecode.swift; path = PresentationManager.swift; sourceTree = "<group>"; };
		D0746A7D2656ACCF00F95EAA /* UIView+Extension.swift */ = {isa = PBXFileReference; fileEncoding = 4; lastKnownFileType = sourcecode.swift; path = "UIView+Extension.swift"; sourceTree = "<group>"; };
		D0746A7F2656ACCF00F95EAA /* UIButton+Additions.swift */ = {isa = PBXFileReference; fileEncoding = 4; lastKnownFileType = sourcecode.swift; path = "UIButton+Additions.swift"; sourceTree = "<group>"; };
		D0746A802656ACCF00F95EAA /* UIFont+Additions.swift */ = {isa = PBXFileReference; fileEncoding = 4; lastKnownFileType = sourcecode.swift; path = "UIFont+Additions.swift"; sourceTree = "<group>"; };
		D0746A822656ACCF00F95EAA /* UILabel+Additions.swift */ = {isa = PBXFileReference; fileEncoding = 4; lastKnownFileType = sourcecode.swift; path = "UILabel+Additions.swift"; sourceTree = "<group>"; };
		D0746A832656ACCF00F95EAA /* UIView+Additions.swift */ = {isa = PBXFileReference; fileEncoding = 4; lastKnownFileType = sourcecode.swift; path = "UIView+Additions.swift"; sourceTree = "<group>"; };
		D0746A862656ACD000F95EAA /* UIViewController+Additions.swift */ = {isa = PBXFileReference; fileEncoding = 4; lastKnownFileType = sourcecode.swift; path = "UIViewController+Additions.swift"; sourceTree = "<group>"; };
		D0746A872656ACD000F95EAA /* UIFont+Extentions.swift */ = {isa = PBXFileReference; fileEncoding = 4; lastKnownFileType = sourcecode.swift; path = "UIFont+Extentions.swift"; sourceTree = "<group>"; };
		D0746A8E2656ACD000F95EAA /* UINavigationController+Extension.swift */ = {isa = PBXFileReference; fileEncoding = 4; lastKnownFileType = sourcecode.swift; path = "UINavigationController+Extension.swift"; sourceTree = "<group>"; };
		D0746A8F2656ACD000F95EAA /* UIScrollView+Extension.swift */ = {isa = PBXFileReference; fileEncoding = 4; lastKnownFileType = sourcecode.swift; path = "UIScrollView+Extension.swift"; sourceTree = "<group>"; };
		D0746A902656ACD000F95EAA /* UITextField+Additions.swift */ = {isa = PBXFileReference; fileEncoding = 4; lastKnownFileType = sourcecode.swift; path = "UITextField+Additions.swift"; sourceTree = "<group>"; };
		D0749E512655422A00A444F5 /* Nutrition Analysis.app */ = {isa = PBXFileReference; explicitFileType = wrapper.application; includeInIndex = 0; path = "Nutrition Analysis.app"; sourceTree = BUILT_PRODUCTS_DIR; };
		D0749E542655422A00A444F5 /* AppDelegate.swift */ = {isa = PBXFileReference; lastKnownFileType = sourcecode.swift; path = AppDelegate.swift; sourceTree = "<group>"; };
		D0749E562655422A00A444F5 /* SceneDelegate.swift */ = {isa = PBXFileReference; lastKnownFileType = sourcecode.swift; path = SceneDelegate.swift; sourceTree = "<group>"; };
		D0749E582655422A00A444F5 /* NutritionViewController.swift */ = {isa = PBXFileReference; lastKnownFileType = sourcecode.swift; path = NutritionViewController.swift; sourceTree = "<group>"; };
		D0749E5B2655422A00A444F5 /* Base */ = {isa = PBXFileReference; lastKnownFileType = file.storyboard; name = Base; path = Base.lproj/Main.storyboard; sourceTree = "<group>"; };
		D0749E5D2655422B00A444F5 /* Assets.xcassets */ = {isa = PBXFileReference; lastKnownFileType = folder.assetcatalog; path = Assets.xcassets; sourceTree = "<group>"; };
		D0749E602655422B00A444F5 /* Base */ = {isa = PBXFileReference; lastKnownFileType = file.storyboard; name = Base; path = Base.lproj/LaunchScreen.storyboard; sourceTree = "<group>"; };
		D0749E622655422B00A444F5 /* Info.plist */ = {isa = PBXFileReference; lastKnownFileType = text.plist.xml; path = Info.plist; sourceTree = "<group>"; };
		D0749E672655422B00A444F5 /* Nutrition AnalysisTests.xctest */ = {isa = PBXFileReference; explicitFileType = wrapper.cfbundle; includeInIndex = 0; path = "Nutrition AnalysisTests.xctest"; sourceTree = BUILT_PRODUCTS_DIR; };
		D0749E6B2655422B00A444F5 /* Nutrition_AnalysisTests.swift */ = {isa = PBXFileReference; lastKnownFileType = sourcecode.swift; path = Nutrition_AnalysisTests.swift; sourceTree = "<group>"; };
		D0749E6D2655422B00A444F5 /* Info.plist */ = {isa = PBXFileReference; lastKnownFileType = text.plist.xml; path = Info.plist; sourceTree = "<group>"; };
		D0749E722655422B00A444F5 /* Nutrition AnalysisUITests.xctest */ = {isa = PBXFileReference; explicitFileType = wrapper.cfbundle; includeInIndex = 0; path = "Nutrition AnalysisUITests.xctest"; sourceTree = BUILT_PRODUCTS_DIR; };
		D0749E762655422B00A444F5 /* Nutrition_AnalysisUITests.swift */ = {isa = PBXFileReference; lastKnownFileType = sourcecode.swift; path = Nutrition_AnalysisUITests.swift; sourceTree = "<group>"; };
		D0749E782655422B00A444F5 /* Info.plist */ = {isa = PBXFileReference; lastKnownFileType = text.plist.xml; path = Info.plist; sourceTree = "<group>"; };
		D07EC1C2265693F300FEB1CA /* NutritionViewModel.swift */ = {isa = PBXFileReference; lastKnownFileType = sourcecode.swift; path = NutritionViewModel.swift; sourceTree = "<group>"; };
		D07FCC4326599FA9009AEF7D /* NutritionBuilder.swift */ = {isa = PBXFileReference; lastKnownFileType = sourcecode.swift; path = NutritionBuilder.swift; sourceTree = "<group>"; };
		D07FCC4F2659A16C009AEF7D /* BaseCoordinator.swift */ = {isa = PBXFileReference; lastKnownFileType = sourcecode.swift; path = BaseCoordinator.swift; sourceTree = "<group>"; };
		D07FCC582659A5BC009AEF7D /* NewRecipeViewController.swift */ = {isa = PBXFileReference; lastKnownFileType = sourcecode.swift; path = NewRecipeViewController.swift; sourceTree = "<group>"; };
		D07FCC592659A5BC009AEF7D /* NewRecipeViewController.xib */ = {isa = PBXFileReference; lastKnownFileType = file.xib; path = NewRecipeViewController.xib; sourceTree = "<group>"; };
		D07FCC772659BE1C009AEF7D /* NewIngredientViewController.swift */ = {isa = PBXFileReference; lastKnownFileType = sourcecode.swift; path = NewIngredientViewController.swift; sourceTree = "<group>"; };
		D07FCC782659BE1C009AEF7D /* NewIngredientViewController.xib */ = {isa = PBXFileReference; lastKnownFileType = file.xib; path = NewIngredientViewController.xib; sourceTree = "<group>"; };
		D07FCC9B2659D670009AEF7D /* NutritionTarget.swift */ = {isa = PBXFileReference; lastKnownFileType = sourcecode.swift; path = NutritionTarget.swift; sourceTree = "<group>"; };
		D07FCCA02659DA2A009AEF7D /* NutritionService.swift */ = {isa = PBXFileReference; lastKnownFileType = sourcecode.swift; path = NutritionService.swift; sourceTree = "<group>"; };
		D0C33100265BB1C80081C411 /* IngredientModel.swift */ = {isa = PBXFileReference; lastKnownFileType = sourcecode.swift; path = IngredientModel.swift; sourceTree = "<group>"; };
		D0CED4AF2659E20C005A8993 /* SUGAR.swift */ = {isa = PBXFileReference; fileEncoding = 4; lastKnownFileType = sourcecode.swift; path = SUGAR.swift; sourceTree = "<group>"; };
		D0CED4B02659E20C005A8993 /* NA.swift */ = {isa = PBXFileReference; fileEncoding = 4; lastKnownFileType = sourcecode.swift; path = NA.swift; sourceTree = "<group>"; };
		D0CED4B12659E20C005A8993 /* FOLFD.swift */ = {isa = PBXFileReference; fileEncoding = 4; lastKnownFileType = sourcecode.swift; path = FOLFD.swift; sourceTree = "<group>"; };
		D0CED4B22659E20C005A8993 /* TotalDaily.swift */ = {isa = PBXFileReference; fileEncoding = 4; lastKnownFileType = sourcecode.swift; path = TotalDaily.swift; sourceTree = "<group>"; };
		D0CED4B32659E20D005A8993 /* FATRN.swift */ = {isa = PBXFileReference; fileEncoding = 4; lastKnownFileType = sourcecode.swift; path = FATRN.swift; sourceTree = "<group>"; };
		D0CED4B42659E20D005A8993 /* FASAT.swift */ = {isa = PBXFileReference; fileEncoding = 4; lastKnownFileType = sourcecode.swift; path = FASAT.swift; sourceTree = "<group>"; };
		D0CED4B52659E20D005A8993 /* VITD.swift */ = {isa = PBXFileReference; fileEncoding = 4; lastKnownFileType = sourcecode.swift; path = VITD.swift; sourceTree = "<group>"; };
		D0CED4B62659E20D005A8993 /* FE.swift */ = {isa = PBXFileReference; fileEncoding = 4; lastKnownFileType = sourcecode.swift; path = FE.swift; sourceTree = "<group>"; };
		D0CED4B72659E20D005A8993 /* CHOCDF.swift */ = {isa = PBXFileReference; fileEncoding = 4; lastKnownFileType = sourcecode.swift; path = CHOCDF.swift; sourceTree = "<group>"; };
		D0CED4B82659E20D005A8993 /* PROCNT_KCAL.swift */ = {isa = PBXFileReference; fileEncoding = 4; lastKnownFileType = sourcecode.swift; path = PROCNT_KCAL.swift; sourceTree = "<group>"; };
		D0CED4B92659E20D005A8993 /* FAT.swift */ = {isa = PBXFileReference; fileEncoding = 4; lastKnownFileType = sourcecode.swift; path = FAT.swift; sourceTree = "<group>"; };
		D0CED4BA2659E20E005A8993 /* PROCNT.swift */ = {isa = PBXFileReference; fileEncoding = 4; lastKnownFileType = sourcecode.swift; path = PROCNT.swift; sourceTree = "<group>"; };
		D0CED4BB2659E20E005A8993 /* FAMS.swift */ = {isa = PBXFileReference; fileEncoding = 4; lastKnownFileType = sourcecode.swift; path = FAMS.swift; sourceTree = "<group>"; };
		D0CED4BC2659E20E005A8993 /* THIA.swift */ = {isa = PBXFileReference; fileEncoding = 4; lastKnownFileType = sourcecode.swift; path = THIA.swift; sourceTree = "<group>"; };
		D0CED4BD2659E20E005A8993 /* VITB12.swift */ = {isa = PBXFileReference; fileEncoding = 4; lastKnownFileType = sourcecode.swift; path = VITB12.swift; sourceTree = "<group>"; };
		D0CED4BE2659E20E005A8993 /* VITA_RAE.swift */ = {isa = PBXFileReference; fileEncoding = 4; lastKnownFileType = sourcecode.swift; path = VITA_RAE.swift; sourceTree = "<group>"; };
		D0CED4BF2659E20E005A8993 /* FAPU.swift */ = {isa = PBXFileReference; fileEncoding = 4; lastKnownFileType = sourcecode.swift; path = FAPU.swift; sourceTree = "<group>"; };
		D0CED4C02659E20E005A8993 /* FOLAC.swift */ = {isa = PBXFileReference; fileEncoding = 4; lastKnownFileType = sourcecode.swift; path = FOLAC.swift; sourceTree = "<group>"; };
		D0CED4C12659E20F005A8993 /* NutritionAnalyzeResponse.swift */ = {isa = PBXFileReference; fileEncoding = 4; lastKnownFileType = sourcecode.swift; path = NutritionAnalyzeResponse.swift; sourceTree = "<group>"; };
		D0CED4C22659E20F005A8993 /* FAT_KCAL.swift */ = {isa = PBXFileReference; fileEncoding = 4; lastKnownFileType = sourcecode.swift; path = FAT_KCAL.swift; sourceTree = "<group>"; };
		D0CED4C32659E20F005A8993 /* VITB6A.swift */ = {isa = PBXFileReference; fileEncoding = 4; lastKnownFileType = sourcecode.swift; path = VITB6A.swift; sourceTree = "<group>"; };
		D0CED4C42659E20F005A8993 /* BaseModelInt.swift */ = {isa = PBXFileReference; fileEncoding = 4; lastKnownFileType = sourcecode.swift; path = BaseModelInt.swift; sourceTree = "<group>"; };
		D0CED4C52659E20F005A8993 /* ZN.swift */ = {isa = PBXFileReference; fileEncoding = 4; lastKnownFileType = sourcecode.swift; path = ZN.swift; sourceTree = "<group>"; };
		D0CED4C62659E20F005A8993 /* CHOLE.swift */ = {isa = PBXFileReference; fileEncoding = 4; lastKnownFileType = sourcecode.swift; path = CHOLE.swift; sourceTree = "<group>"; };
		D0CED4C72659E20F005A8993 /* MG.swift */ = {isa = PBXFileReference; fileEncoding = 4; lastKnownFileType = sourcecode.swift; path = MG.swift; sourceTree = "<group>"; };
		D0CED4C82659E210005A8993 /* P.swift */ = {isa = PBXFileReference; fileEncoding = 4; lastKnownFileType = sourcecode.swift; path = P.swift; sourceTree = "<group>"; };
		D0CED4C92659E210005A8993 /* TOCPHA.swift */ = {isa = PBXFileReference; fileEncoding = 4; lastKnownFileType = sourcecode.swift; path = TOCPHA.swift; sourceTree = "<group>"; };
		D0CED4CA2659E210005A8993 /* TotalNutrients.swift */ = {isa = PBXFileReference; fileEncoding = 4; lastKnownFileType = sourcecode.swift; path = TotalNutrients.swift; sourceTree = "<group>"; };
		D0CED4CB2659E210005A8993 /* VITK1.swift */ = {isa = PBXFileReference; fileEncoding = 4; lastKnownFileType = sourcecode.swift; path = VITK1.swift; sourceTree = "<group>"; };
		D0CED4CC2659E210005A8993 /* FOLDFE.swift */ = {isa = PBXFileReference; fileEncoding = 4; lastKnownFileType = sourcecode.swift; path = FOLDFE.swift; sourceTree = "<group>"; };
		D0CED4CD2659E210005A8993 /* WATER.swift */ = {isa = PBXFileReference; fileEncoding = 4; lastKnownFileType = sourcecode.swift; path = WATER.swift; sourceTree = "<group>"; };
		D0CED4CE2659E210005A8993 /* K.swift */ = {isa = PBXFileReference; fileEncoding = 4; lastKnownFileType = sourcecode.swift; path = K.swift; sourceTree = "<group>"; };
		D0CED4CF2659E211005A8993 /* BaseModelDouble.swift */ = {isa = PBXFileReference; fileEncoding = 4; lastKnownFileType = sourcecode.swift; path = BaseModelDouble.swift; sourceTree = "<group>"; };
		D0CED4D02659E211005A8993 /* VITC.swift */ = {isa = PBXFileReference; fileEncoding = 4; lastKnownFileType = sourcecode.swift; path = VITC.swift; sourceTree = "<group>"; };
		D0CED4D12659E211005A8993 /* ENERC_KCAL.swift */ = {isa = PBXFileReference; fileEncoding = 4; lastKnownFileType = sourcecode.swift; path = ENERC_KCAL.swift; sourceTree = "<group>"; };
		D0CED4D22659E211005A8993 /* FIBTG.swift */ = {isa = PBXFileReference; fileEncoding = 4; lastKnownFileType = sourcecode.swift; path = FIBTG.swift; sourceTree = "<group>"; };
		D0CED4D32659E211005A8993 /* RIBF.swift */ = {isa = PBXFileReference; fileEncoding = 4; lastKnownFileType = sourcecode.swift; path = RIBF.swift; sourceTree = "<group>"; };
		D0CED4D42659E211005A8993 /* TotalNutrientsKCal.swift */ = {isa = PBXFileReference; fileEncoding = 4; lastKnownFileType = sourcecode.swift; path = TotalNutrientsKCal.swift; sourceTree = "<group>"; };
		D0CED4D52659E211005A8993 /* NIA.swift */ = {isa = PBXFileReference; fileEncoding = 4; lastKnownFileType = sourcecode.swift; path = NIA.swift; sourceTree = "<group>"; };
		D0ECE8E02658A2A70035AD2F /* NutritionCoordinator.swift */ = {isa = PBXFileReference; lastKnownFileType = sourcecode.swift; path = NutritionCoordinator.swift; sourceTree = "<group>"; };
		DA5EAB1181DD1F68C6C5FE38 /* Pods-Nutrition Analysis-Nutrition AnalysisUITests.release.xcconfig */ = {isa = PBXFileReference; includeInIndex = 1; lastKnownFileType = text.xcconfig; name = "Pods-Nutrition Analysis-Nutrition AnalysisUITests.release.xcconfig"; path = "Target Support Files/Pods-Nutrition Analysis-Nutrition AnalysisUITests/Pods-Nutrition Analysis-Nutrition AnalysisUITests.release.xcconfig"; sourceTree = "<group>"; };
/* End PBXFileReference section */

/* Begin PBXFrameworksBuildPhase section */
		D0749E4E2655422A00A444F5 /* Frameworks */ = {
			isa = PBXFrameworksBuildPhase;
			buildActionMask = 2147483647;
			files = (
				8F51699F0CDA1EE2C16EC830 /* Pods_Nutrition_Analysis.framework in Frameworks */,
			);
			runOnlyForDeploymentPostprocessing = 0;
		};
		D0749E642655422B00A444F5 /* Frameworks */ = {
			isa = PBXFrameworksBuildPhase;
			buildActionMask = 2147483647;
			files = (
				342E5F4A8997C1B96CDC140B /* Pods_Nutrition_AnalysisTests.framework in Frameworks */,
			);
			runOnlyForDeploymentPostprocessing = 0;
		};
		D0749E6F2655422B00A444F5 /* Frameworks */ = {
			isa = PBXFrameworksBuildPhase;
			buildActionMask = 2147483647;
			files = (
				E88A843466FC4F5AD4C728E5 /* Pods_Nutrition_Analysis_Nutrition_AnalysisUITests.framework in Frameworks */,
			);
			runOnlyForDeploymentPostprocessing = 0;
		};
/* End PBXFrameworksBuildPhase section */

/* Begin PBXGroup section */
		4425C0AD93F02CFDCA1E9607 /* Frameworks */ = {
			isa = PBXGroup;
			children = (
				259CA991F21B10EEAD949A40 /* Pods_Nutrition_Analysis.framework */,
				98E132C155137DC4849EDACB /* Pods_Nutrition_Analysis_Nutrition_AnalysisUITests.framework */,
				2B4EBF56E26A10EE29356AFB /* Pods_Nutrition_AnalysisTests.framework */,
			);
			name = Frameworks;
			sourceTree = "<group>";
		};
		D0682BB2265A32E8007DCA3B /* Cells */ = {
			isa = PBXGroup;
			children = (
				D0682BB3265A3301007DCA3B /* IngredientTableViewCell.swift */,
				D0682BB4265A3301007DCA3B /* IngredientTableViewCell.xib */,
			);
			path = Cells;
			sourceTree = "<group>";
		};
		D0682BE7265B02A0007DCA3B /* LoadingView */ = {
			isa = PBXGroup;
			children = (
				D0682BE8265B02AC007DCA3B /* LoadingView.swift */,
			);
			path = LoadingView;
			sourceTree = "<group>";
		};
		D0682C0A265B0BF8007DCA3B /* AnalyzeDetailsViewController */ = {
			isa = PBXGroup;
			children = (
				D0682C0B265B0C06007DCA3B /* AnalyzeDetailsViewController.swift */,
				D0682C0C265B0C06007DCA3B /* AnalyzeDetailsViewController.xib */,
			);
			path = AnalyzeDetailsViewController;
			sourceTree = "<group>";
		};
		D0682C15265B10D0007DCA3B /* Views */ = {
			isa = PBXGroup;
			children = (
				D0682C16265B1111007DCA3B /* DetailsAnalyzeView.swift */,
				D0682C1E265B1118007DCA3B /* DetailsAnalyzeView.xib */,
			);
			path = Views;
			sourceTree = "<group>";
		};
		D0746A452656AC7700F95EAA /* Helpers */ = {
			isa = PBXGroup;
			children = (
				D0682BE7265B02A0007DCA3B /* LoadingView */,
				D0746A7C2656ACAF00F95EAA /* Extensions  */,
				D0746A462656AC7F00F95EAA /* Popup */,
			);
			path = Helpers;
			sourceTree = "<group>";
		};
		D0746A462656AC7F00F95EAA /* Popup */ = {
			isa = PBXGroup;
			children = (
				D0746A4A2656AC9500F95EAA /* BlurLayer.swift */,
				D0746A592656ACA700F95EAA /* InteractiveTransition.swift */,
				D0746A612656ACA700F95EAA /* PopupDialog.swift */,
				D0746A652656ACA700F95EAA /* PopupDialog+Keyboard.swift */,
				D0746A632656ACA700F95EAA /* PopupDialogButton.swift */,
				D0746A672656ACA800F95EAA /* PopupDialogContainerView.swift */,
				D0746A5F2656ACA700F95EAA /* PopupDialogDefaultButtons.swift */,
				D0746A602656ACA700F95EAA /* PopupDialogDefaultView.swift */,
				D0746A5C2656ACA700F95EAA /* PopupDialogDefaultViewController.swift */,
				D0746A622656ACA700F95EAA /* PopupDialogOverlayView.swift */,
				D0746A5A2656ACA700F95EAA /* PresentationController.swift */,
				D0746A682656ACA800F95EAA /* PresentationManager.swift */,
				D0746A5B2656ACA700F95EAA /* TransitionAnimations.swift */,
				D0746A5D2656ACA700F95EAA /* TransitionAnimator.swift */,
				D0746A5E2656ACA700F95EAA /* UIImageView+Calculations.swift */,
				D0746A662656ACA800F95EAA /* UIView+Animations.swift */,
				D0746A642656ACA700F95EAA /* UIViewController+Visibility.swift */,
				D0746A4B2656AC9500F95EAA /* CaptureQuality.swift */,
				D0746A4C2656AC9500F95EAA /* CGContext+CGImage.swift */,
				D0746A492656AC9500F95EAA /* CGImage+Accelerate.swift */,
				D0746A472656AC9500F95EAA /* DynamicBlurView.h */,
				D0746A482656AC9500F95EAA /* DynamicBlurView.swift */,
				D0746A4E2656AC9500F95EAA /* TrackingMode.swift */,
				D0746A4D2656AC9500F95EAA /* UIImage+Blur.swift */,
			);
			path = Popup;
			sourceTree = "<group>";
		};
		D0746A7C2656ACAF00F95EAA /* Extensions  */ = {
			isa = PBXGroup;
			children = (
				D0746A7F2656ACCF00F95EAA /* UIButton+Additions.swift */,
				D0746A802656ACCF00F95EAA /* UIFont+Additions.swift */,
				D0746A872656ACD000F95EAA /* UIFont+Extentions.swift */,
				D0746A822656ACCF00F95EAA /* UILabel+Additions.swift */,
				D0746A8E2656ACD000F95EAA /* UINavigationController+Extension.swift */,
				D0746A8F2656ACD000F95EAA /* UIScrollView+Extension.swift */,
				D0746A902656ACD000F95EAA /* UITextField+Additions.swift */,
				D0746A832656ACCF00F95EAA /* UIView+Additions.swift */,
				D0746A7D2656ACCF00F95EAA /* UIView+Extension.swift */,
				D0746A862656ACD000F95EAA /* UIViewController+Additions.swift */,
			);
			path = "Extensions ";
			sourceTree = "<group>";
		};
		D0746AC12656B39500F95EAA /* Modules */ = {
			isa = PBXGroup;
			children = (
				D0682C0A265B0BF8007DCA3B /* AnalyzeDetailsViewController */,
				D07FCC762659BDFE009AEF7D /* NewIngredient */,
				D07FCC572659A59F009AEF7D /* NewRecipe */,
				D0749E90265553D400A444F5 /* NutritionViewController */,
			);
			path = Modules;
			sourceTree = "<group>";
		};
		D0749E482655422A00A444F5 = {
			isa = PBXGroup;
			children = (
				D0749E532655422A00A444F5 /* Nutrition Analysis */,
				D0749E6A2655422B00A444F5 /* Nutrition AnalysisTests */,
				D0749E752655422B00A444F5 /* Nutrition AnalysisUITests */,
				D0749E522655422A00A444F5 /* Products */,
				F32454CDFDC373592A427FFD /* Pods */,
				4425C0AD93F02CFDCA1E9607 /* Frameworks */,
			);
			sourceTree = "<group>";
		};
		D0749E522655422A00A444F5 /* Products */ = {
			isa = PBXGroup;
			children = (
				D0749E512655422A00A444F5 /* Nutrition Analysis.app */,
				D0749E672655422B00A444F5 /* Nutrition AnalysisTests.xctest */,
				D0749E722655422B00A444F5 /* Nutrition AnalysisUITests.xctest */,
			);
			name = Products;
			sourceTree = "<group>";
		};
		D0749E532655422A00A444F5 /* Nutrition Analysis */ = {
			isa = PBXGroup;
			children = (
				D0682C15265B10D0007DCA3B /* Views */,
				D07FCC9A2659D657009AEF7D /* Network */,
				D07FCC4E2659A164009AEF7D /* Base */,
				D0746AC12656B39500F95EAA /* Modules */,
				D0746A452656AC7700F95EAA /* Helpers */,
				D0749E542655422A00A444F5 /* AppDelegate.swift */,
				D0749E562655422A00A444F5 /* SceneDelegate.swift */,
				D0749E5D2655422B00A444F5 /* Assets.xcassets */,
				D0749E5F2655422B00A444F5 /* LaunchScreen.storyboard */,
				D0749E622655422B00A444F5 /* Info.plist */,
			);
			path = "Nutrition Analysis";
			sourceTree = "<group>";
		};
		D0749E6A2655422B00A444F5 /* Nutrition AnalysisTests */ = {
			isa = PBXGroup;
			children = (
				D0749E6B2655422B00A444F5 /* Nutrition_AnalysisTests.swift */,
				D0749E6D2655422B00A444F5 /* Info.plist */,
			);
			path = "Nutrition AnalysisTests";
			sourceTree = "<group>";
		};
		D0749E752655422B00A444F5 /* Nutrition AnalysisUITests */ = {
			isa = PBXGroup;
			children = (
				D0749E762655422B00A444F5 /* Nutrition_AnalysisUITests.swift */,
				D0749E782655422B00A444F5 /* Info.plist */,
			);
			path = "Nutrition AnalysisUITests";
			sourceTree = "<group>";
		};
		D0749E90265553D400A444F5 /* NutritionViewController */ = {
			isa = PBXGroup;
			children = (
				D0682BB2265A32E8007DCA3B /* Cells */,
				D0CED4AE2659E1CA005A8993 /* Model */,
				D07FCC4226599F98009AEF7D /* Builder */,
				D07EC1C9265695FC00FEB1CA /* Coordinator */,
				D07EC1C8265695F200FEB1CA /* ViewModel */,
				D07EC1C7265695E900FEB1CA /* View */,
			);
			path = NutritionViewController;
			sourceTree = "<group>";
		};
		D07EC1C7265695E900FEB1CA /* View */ = {
			isa = PBXGroup;
			children = (
				D0749E582655422A00A444F5 /* NutritionViewController.swift */,
				D0749E5A2655422A00A444F5 /* Main.storyboard */,
			);
			path = View;
			sourceTree = "<group>";
		};
		D07EC1C8265695F200FEB1CA /* ViewModel */ = {
			isa = PBXGroup;
			children = (
				D07EC1C2265693F300FEB1CA /* NutritionViewModel.swift */,
			);
			path = ViewModel;
			sourceTree = "<group>";
		};
		D07EC1C9265695FC00FEB1CA /* Coordinator */ = {
			isa = PBXGroup;
			children = (
				D0ECE8E02658A2A70035AD2F /* NutritionCoordinator.swift */,
			);
			path = Coordinator;
			sourceTree = "<group>";
		};
		D07FCC4226599F98009AEF7D /* Builder */ = {
			isa = PBXGroup;
			children = (
				D07FCC4326599FA9009AEF7D /* NutritionBuilder.swift */,
			);
			path = Builder;
			sourceTree = "<group>";
		};
		D07FCC4E2659A164009AEF7D /* Base */ = {
			isa = PBXGroup;
			children = (
				D07FCC4F2659A16C009AEF7D /* BaseCoordinator.swift */,
			);
			path = Base;
			sourceTree = "<group>";
		};
		D07FCC572659A59F009AEF7D /* NewRecipe */ = {
			isa = PBXGroup;
			children = (
				D07FCC582659A5BC009AEF7D /* NewRecipeViewController.swift */,
				D07FCC592659A5BC009AEF7D /* NewRecipeViewController.xib */,
			);
			path = NewRecipe;
			sourceTree = "<group>";
		};
		D07FCC762659BDFE009AEF7D /* NewIngredient */ = {
			isa = PBXGroup;
			children = (
				D07FCC772659BE1C009AEF7D /* NewIngredientViewController.swift */,
				D07FCC782659BE1C009AEF7D /* NewIngredientViewController.xib */,
			);
			path = NewIngredient;
			sourceTree = "<group>";
		};
		D07FCC9A2659D657009AEF7D /* Network */ = {
			isa = PBXGroup;
			children = (
				D07FCC9B2659D670009AEF7D /* NutritionTarget.swift */,
				D07FCCA02659DA2A009AEF7D /* NutritionService.swift */,
			);
			path = Network;
			sourceTree = "<group>";
		};
		D0CED4AE2659E1CA005A8993 /* Model */ = {
			isa = PBXGroup;
			children = (
				D0CED4CF2659E211005A8993 /* BaseModelDouble.swift */,
				D0CED4C42659E20F005A8993 /* BaseModelInt.swift */,
				D0CED4B72659E20D005A8993 /* CHOCDF.swift */,
				D0CED4C62659E20F005A8993 /* CHOLE.swift */,
				D0CED4D12659E211005A8993 /* ENERC_KCAL.swift */,
				D0CED4BB2659E20E005A8993 /* FAMS.swift */,
				D0CED4BF2659E20E005A8993 /* FAPU.swift */,
				D0CED4B42659E20D005A8993 /* FASAT.swift */,
				D0CED4C22659E20F005A8993 /* FAT_KCAL.swift */,
				D0CED4B92659E20D005A8993 /* FAT.swift */,
				D0CED4B32659E20D005A8993 /* FATRN.swift */,
				D0CED4B62659E20D005A8993 /* FE.swift */,
				D0CED4D22659E211005A8993 /* FIBTG.swift */,
				D0CED4C02659E20E005A8993 /* FOLAC.swift */,
				D0CED4CC2659E210005A8993 /* FOLDFE.swift */,
				D0CED4B12659E20C005A8993 /* FOLFD.swift */,
				D0CED4CE2659E210005A8993 /* K.swift */,
				D0CED4C72659E20F005A8993 /* MG.swift */,
				D0CED4B02659E20C005A8993 /* NA.swift */,
				D0CED4D52659E211005A8993 /* NIA.swift */,
				D0CED4C12659E20F005A8993 /* NutritionAnalyzeResponse.swift */,
				D0CED4C82659E210005A8993 /* P.swift */,
				D0CED4B82659E20D005A8993 /* PROCNT_KCAL.swift */,
				D0CED4BA2659E20E005A8993 /* PROCNT.swift */,
				D0CED4D32659E211005A8993 /* RIBF.swift */,
				D0CED4AF2659E20C005A8993 /* SUGAR.swift */,
				D0CED4BC2659E20E005A8993 /* THIA.swift */,
				D0CED4C92659E210005A8993 /* TOCPHA.swift */,
				D0CED4B22659E20C005A8993 /* TotalDaily.swift */,
				D0CED4CA2659E210005A8993 /* TotalNutrients.swift */,
				D0CED4D42659E211005A8993 /* TotalNutrientsKCal.swift */,
				D0CED4BE2659E20E005A8993 /* VITA_RAE.swift */,
				D0CED4C32659E20F005A8993 /* VITB6A.swift */,
				D0CED4BD2659E20E005A8993 /* VITB12.swift */,
				D0CED4D02659E211005A8993 /* VITC.swift */,
				D0CED4B52659E20D005A8993 /* VITD.swift */,
				D0CED4CB2659E210005A8993 /* VITK1.swift */,
				D0CED4CD2659E210005A8993 /* WATER.swift */,
				D0CED4C52659E20F005A8993 /* ZN.swift */,
				D0C33100265BB1C80081C411 /* IngredientModel.swift */,
			);
			path = Model;
			sourceTree = "<group>";
		};
		F32454CDFDC373592A427FFD /* Pods */ = {
			isa = PBXGroup;
			children = (
				0E77147CEF4B01119426A7BD /* Pods-Nutrition Analysis.debug.xcconfig */,
				7710DC2512A63B2A086DC498 /* Pods-Nutrition Analysis.release.xcconfig */,
				C98171584558B6FA28F8350A /* Pods-Nutrition Analysis-Nutrition AnalysisUITests.debug.xcconfig */,
				DA5EAB1181DD1F68C6C5FE38 /* Pods-Nutrition Analysis-Nutrition AnalysisUITests.release.xcconfig */,
				7EE08287EA22174A056E8BE2 /* Pods-Nutrition AnalysisTests.debug.xcconfig */,
				8B52500C5930AC83AAED1D49 /* Pods-Nutrition AnalysisTests.release.xcconfig */,
			);
			path = Pods;
			sourceTree = "<group>";
		};
/* End PBXGroup section */

/* Begin PBXNativeTarget section */
		D0749E502655422A00A444F5 /* Nutrition Analysis */ = {
			isa = PBXNativeTarget;
			buildConfigurationList = D0749E7B2655422B00A444F5 /* Build configuration list for PBXNativeTarget "Nutrition Analysis" */;
			buildPhases = (
				46B52CB2740E0009FB1B9C41 /* [CP] Check Pods Manifest.lock */,
				D0749E4D2655422A00A444F5 /* Sources */,
				D0749E4E2655422A00A444F5 /* Frameworks */,
				D0749E4F2655422A00A444F5 /* Resources */,
				2D089D5AD9CED991BC8F3886 /* [CP] Embed Pods Frameworks */,
			);
			buildRules = (
			);
			dependencies = (
			);
			name = "Nutrition Analysis";
			productName = "Nutrition Analysis";
			productReference = D0749E512655422A00A444F5 /* Nutrition Analysis.app */;
			productType = "com.apple.product-type.application";
		};
		D0749E662655422B00A444F5 /* Nutrition AnalysisTests */ = {
			isa = PBXNativeTarget;
			buildConfigurationList = D0749E7E2655422B00A444F5 /* Build configuration list for PBXNativeTarget "Nutrition AnalysisTests" */;
			buildPhases = (
				DBD07E657EE8DE26EE7EC6FC /* [CP] Check Pods Manifest.lock */,
				D0749E632655422B00A444F5 /* Sources */,
				D0749E642655422B00A444F5 /* Frameworks */,
				D0749E652655422B00A444F5 /* Resources */,
			);
			buildRules = (
			);
			dependencies = (
				D0749E692655422B00A444F5 /* PBXTargetDependency */,
			);
			name = "Nutrition AnalysisTests";
			productName = "Nutrition AnalysisTests";
			productReference = D0749E672655422B00A444F5 /* Nutrition AnalysisTests.xctest */;
			productType = "com.apple.product-type.bundle.unit-test";
		};
		D0749E712655422B00A444F5 /* Nutrition AnalysisUITests */ = {
			isa = PBXNativeTarget;
			buildConfigurationList = D0749E812655422B00A444F5 /* Build configuration list for PBXNativeTarget "Nutrition AnalysisUITests" */;
			buildPhases = (
				2AFC19B3C73BD1E4B7869088 /* [CP] Check Pods Manifest.lock */,
				D0749E6E2655422B00A444F5 /* Sources */,
				D0749E6F2655422B00A444F5 /* Frameworks */,
				D0749E702655422B00A444F5 /* Resources */,
				5949D4687DA6C5EE455553E3 /* [CP] Embed Pods Frameworks */,
			);
			buildRules = (
			);
			dependencies = (
				D0749E742655422B00A444F5 /* PBXTargetDependency */,
			);
			name = "Nutrition AnalysisUITests";
			productName = "Nutrition AnalysisUITests";
			productReference = D0749E722655422B00A444F5 /* Nutrition AnalysisUITests.xctest */;
			productType = "com.apple.product-type.bundle.ui-testing";
		};
/* End PBXNativeTarget section */

/* Begin PBXProject section */
		D0749E492655422A00A444F5 /* Project object */ = {
			isa = PBXProject;
			attributes = {
				LastSwiftUpdateCheck = 1240;
				LastUpgradeCheck = 1240;
				TargetAttributes = {
					D0749E502655422A00A444F5 = {
						CreatedOnToolsVersion = 12.4;
					};
					D0749E662655422B00A444F5 = {
						CreatedOnToolsVersion = 12.4;
						TestTargetID = D0749E502655422A00A444F5;
					};
					D0749E712655422B00A444F5 = {
						CreatedOnToolsVersion = 12.4;
						TestTargetID = D0749E502655422A00A444F5;
					};
				};
			};
			buildConfigurationList = D0749E4C2655422A00A444F5 /* Build configuration list for PBXProject "Nutrition Analysis" */;
			compatibilityVersion = "Xcode 9.3";
			developmentRegion = en;
			hasScannedForEncodings = 0;
			knownRegions = (
				en,
				Base,
			);
			mainGroup = D0749E482655422A00A444F5;
			productRefGroup = D0749E522655422A00A444F5 /* Products */;
			projectDirPath = "";
			projectRoot = "";
			targets = (
				D0749E502655422A00A444F5 /* Nutrition Analysis */,
				D0749E662655422B00A444F5 /* Nutrition AnalysisTests */,
				D0749E712655422B00A444F5 /* Nutrition AnalysisUITests */,
			);
		};
/* End PBXProject section */

/* Begin PBXResourcesBuildPhase section */
		D0749E4F2655422A00A444F5 /* Resources */ = {
			isa = PBXResourcesBuildPhase;
			buildActionMask = 2147483647;
			files = (
				D0682BB6265A3301007DCA3B /* IngredientTableViewCell.xib in Resources */,
				D0682C0E265B0C06007DCA3B /* AnalyzeDetailsViewController.xib in Resources */,
				D0749E612655422B00A444F5 /* LaunchScreen.storyboard in Resources */,
				D07FCC5B2659A5BC009AEF7D /* NewRecipeViewController.xib in Resources */,
				D0682C1F265B1118007DCA3B /* DetailsAnalyzeView.xib in Resources */,
				D0749E5E2655422B00A444F5 /* Assets.xcassets in Resources */,
				D0749E5C2655422A00A444F5 /* Main.storyboard in Resources */,
				D07FCC7A2659BE1C009AEF7D /* NewIngredientViewController.xib in Resources */,
			);
			runOnlyForDeploymentPostprocessing = 0;
		};
		D0749E652655422B00A444F5 /* Resources */ = {
			isa = PBXResourcesBuildPhase;
			buildActionMask = 2147483647;
			files = (
			);
			runOnlyForDeploymentPostprocessing = 0;
		};
		D0749E702655422B00A444F5 /* Resources */ = {
			isa = PBXResourcesBuildPhase;
			buildActionMask = 2147483647;
			files = (
			);
			runOnlyForDeploymentPostprocessing = 0;
		};
/* End PBXResourcesBuildPhase section */

/* Begin PBXShellScriptBuildPhase section */
		2AFC19B3C73BD1E4B7869088 /* [CP] Check Pods Manifest.lock */ = {
			isa = PBXShellScriptBuildPhase;
			buildActionMask = 2147483647;
			files = (
			);
			inputFileListPaths = (
			);
			inputPaths = (
				"${PODS_PODFILE_DIR_PATH}/Podfile.lock",
				"${PODS_ROOT}/Manifest.lock",
			);
			name = "[CP] Check Pods Manifest.lock";
			outputFileListPaths = (
			);
			outputPaths = (
				"$(DERIVED_FILE_DIR)/Pods-Nutrition Analysis-Nutrition AnalysisUITests-checkManifestLockResult.txt",
			);
			runOnlyForDeploymentPostprocessing = 0;
			shellPath = /bin/sh;
			shellScript = "diff \"${PODS_PODFILE_DIR_PATH}/Podfile.lock\" \"${PODS_ROOT}/Manifest.lock\" > /dev/null\nif [ $? != 0 ] ; then\n    # print error to STDERR\n    echo \"error: The sandbox is not in sync with the Podfile.lock. Run 'pod install' or update your CocoaPods installation.\" >&2\n    exit 1\nfi\n# This output is used by Xcode 'outputs' to avoid re-running this script phase.\necho \"SUCCESS\" > \"${SCRIPT_OUTPUT_FILE_0}\"\n";
			showEnvVarsInLog = 0;
		};
		2D089D5AD9CED991BC8F3886 /* [CP] Embed Pods Frameworks */ = {
			isa = PBXShellScriptBuildPhase;
			buildActionMask = 2147483647;
			files = (
			);
			inputFileListPaths = (
				"${PODS_ROOT}/Target Support Files/Pods-Nutrition Analysis/Pods-Nutrition Analysis-frameworks-${CONFIGURATION}-input-files.xcfilelist",
			);
			name = "[CP] Embed Pods Frameworks";
			outputFileListPaths = (
				"${PODS_ROOT}/Target Support Files/Pods-Nutrition Analysis/Pods-Nutrition Analysis-frameworks-${CONFIGURATION}-output-files.xcfilelist",
			);
			runOnlyForDeploymentPostprocessing = 0;
			shellPath = /bin/sh;
			shellScript = "\"${PODS_ROOT}/Target Support Files/Pods-Nutrition Analysis/Pods-Nutrition Analysis-frameworks.sh\"\n";
			showEnvVarsInLog = 0;
		};
		46B52CB2740E0009FB1B9C41 /* [CP] Check Pods Manifest.lock */ = {
			isa = PBXShellScriptBuildPhase;
			buildActionMask = 2147483647;
			files = (
			);
			inputFileListPaths = (
			);
			inputPaths = (
				"${PODS_PODFILE_DIR_PATH}/Podfile.lock",
				"${PODS_ROOT}/Manifest.lock",
			);
			name = "[CP] Check Pods Manifest.lock";
			outputFileListPaths = (
			);
			outputPaths = (
				"$(DERIVED_FILE_DIR)/Pods-Nutrition Analysis-checkManifestLockResult.txt",
			);
			runOnlyForDeploymentPostprocessing = 0;
			shellPath = /bin/sh;
			shellScript = "diff \"${PODS_PODFILE_DIR_PATH}/Podfile.lock\" \"${PODS_ROOT}/Manifest.lock\" > /dev/null\nif [ $? != 0 ] ; then\n    # print error to STDERR\n    echo \"error: The sandbox is not in sync with the Podfile.lock. Run 'pod install' or update your CocoaPods installation.\" >&2\n    exit 1\nfi\n# This output is used by Xcode 'outputs' to avoid re-running this script phase.\necho \"SUCCESS\" > \"${SCRIPT_OUTPUT_FILE_0}\"\n";
			showEnvVarsInLog = 0;
		};
		5949D4687DA6C5EE455553E3 /* [CP] Embed Pods Frameworks */ = {
			isa = PBXShellScriptBuildPhase;
			buildActionMask = 2147483647;
			files = (
			);
			inputFileListPaths = (
				"${PODS_ROOT}/Target Support Files/Pods-Nutrition Analysis-Nutrition AnalysisUITests/Pods-Nutrition Analysis-Nutrition AnalysisUITests-frameworks-${CONFIGURATION}-input-files.xcfilelist",
			);
			name = "[CP] Embed Pods Frameworks";
			outputFileListPaths = (
				"${PODS_ROOT}/Target Support Files/Pods-Nutrition Analysis-Nutrition AnalysisUITests/Pods-Nutrition Analysis-Nutrition AnalysisUITests-frameworks-${CONFIGURATION}-output-files.xcfilelist",
			);
			runOnlyForDeploymentPostprocessing = 0;
			shellPath = /bin/sh;
			shellScript = "\"${PODS_ROOT}/Target Support Files/Pods-Nutrition Analysis-Nutrition AnalysisUITests/Pods-Nutrition Analysis-Nutrition AnalysisUITests-frameworks.sh\"\n";
			showEnvVarsInLog = 0;
		};
		DBD07E657EE8DE26EE7EC6FC /* [CP] Check Pods Manifest.lock */ = {
			isa = PBXShellScriptBuildPhase;
			buildActionMask = 2147483647;
			files = (
			);
			inputFileListPaths = (
			);
			inputPaths = (
				"${PODS_PODFILE_DIR_PATH}/Podfile.lock",
				"${PODS_ROOT}/Manifest.lock",
			);
			name = "[CP] Check Pods Manifest.lock";
			outputFileListPaths = (
			);
			outputPaths = (
				"$(DERIVED_FILE_DIR)/Pods-Nutrition AnalysisTests-checkManifestLockResult.txt",
			);
			runOnlyForDeploymentPostprocessing = 0;
			shellPath = /bin/sh;
			shellScript = "diff \"${PODS_PODFILE_DIR_PATH}/Podfile.lock\" \"${PODS_ROOT}/Manifest.lock\" > /dev/null\nif [ $? != 0 ] ; then\n    # print error to STDERR\n    echo \"error: The sandbox is not in sync with the Podfile.lock. Run 'pod install' or update your CocoaPods installation.\" >&2\n    exit 1\nfi\n# This output is used by Xcode 'outputs' to avoid re-running this script phase.\necho \"SUCCESS\" > \"${SCRIPT_OUTPUT_FILE_0}\"\n";
			showEnvVarsInLog = 0;
		};
/* End PBXShellScriptBuildPhase section */

/* Begin PBXSourcesBuildPhase section */
		D0749E4D2655422A00A444F5 /* Sources */ = {
			isa = PBXSourcesBuildPhase;
			buildActionMask = 2147483647;
			files = (
				D0CED4E52659E211005A8993 /* VITA_RAE.swift in Sources */,
				D0746A532656AC9500F95EAA /* CGContext+CGImage.swift in Sources */,
				D0746A502656AC9500F95EAA /* CGImage+Accelerate.swift in Sources */,
				D0CED4F32659E211005A8993 /* FOLDFE.swift in Sources */,
				D0CED4D92659E211005A8993 /* TotalDaily.swift in Sources */,
				D07FCC792659BE1C009AEF7D /* NewIngredientViewController.swift in Sources */,
				D0CED4DC2659E211005A8993 /* VITD.swift in Sources */,
				D0CED4E62659E211005A8993 /* FAPU.swift in Sources */,
				D0CED4E32659E211005A8993 /* THIA.swift in Sources */,
				D0749E592655422A00A444F5 /* NutritionViewController.swift in Sources */,
				D0746A932656ACD000F95EAA /* UIButton+Additions.swift in Sources */,
				D0CED4D62659E211005A8993 /* SUGAR.swift in Sources */,
				D0CED4E02659E211005A8993 /* FAT.swift in Sources */,
				D0CED4F72659E211005A8993 /* VITC.swift in Sources */,
				D0682C17265B1111007DCA3B /* DetailsAnalyzeView.swift in Sources */,
				D0CED4F52659E211005A8993 /* K.swift in Sources */,
				D0CED4F42659E211005A8993 /* WATER.swift in Sources */,
				D0746A6B2656ACA800F95EAA /* TransitionAnimations.swift in Sources */,
				D07FCCA12659DA2A009AEF7D /* NutritionService.swift in Sources */,
				D0746AA32656ACD000F95EAA /* UIScrollView+Extension.swift in Sources */,
				D0746A6E2656ACA800F95EAA /* UIImageView+Calculations.swift in Sources */,
				D0CED4EF2659E211005A8993 /* P.swift in Sources */,
				D0CED4DB2659E211005A8993 /* FASAT.swift in Sources */,
				D0746A6C2656ACA800F95EAA /* PopupDialogDefaultViewController.swift in Sources */,
				D0746A9B2656ACD000F95EAA /* UIFont+Extentions.swift in Sources */,
				D0746A512656AC9500F95EAA /* BlurLayer.swift in Sources */,
				D0CED4EC2659E211005A8993 /* ZN.swift in Sources */,
				D0CED4ED2659E211005A8993 /* CHOLE.swift in Sources */,
				D0746A702656ACA800F95EAA /* PopupDialogDefaultView.swift in Sources */,
				D0746A712656ACA800F95EAA /* PopupDialog.swift in Sources */,
				D07FCC4426599FA9009AEF7D /* NutritionBuilder.swift in Sources */,
				D0746A4F2656AC9500F95EAA /* DynamicBlurView.swift in Sources */,
				D0CED4E12659E211005A8993 /* PROCNT.swift in Sources */,
				D0746A552656AC9500F95EAA /* TrackingMode.swift in Sources */,
				D07FCC502659A16C009AEF7D /* BaseCoordinator.swift in Sources */,
				D0ECE8E12658A2A70035AD2F /* NutritionCoordinator.swift in Sources */,
				D0CED4D72659E211005A8993 /* NA.swift in Sources */,
				D0746A522656AC9500F95EAA /* CaptureQuality.swift in Sources */,
				D0746A962656ACD000F95EAA /* UILabel+Additions.swift in Sources */,
				D0682BE9265B02AD007DCA3B /* LoadingView.swift in Sources */,
				D0746AA22656ACD000F95EAA /* UINavigationController+Extension.swift in Sources */,
				D0682C0D265B0C06007DCA3B /* AnalyzeDetailsViewController.swift in Sources */,
				D0746A6D2656ACA800F95EAA /* TransitionAnimator.swift in Sources */,
				D0CED4FB2659E211005A8993 /* TotalNutrientsKCal.swift in Sources */,
				D0746A772656ACA800F95EAA /* PopupDialogContainerView.swift in Sources */,
				D0746A542656AC9500F95EAA /* UIImage+Blur.swift in Sources */,
				D0CED4EA2659E211005A8993 /* VITB6A.swift in Sources */,
				D0682BB5265A3301007DCA3B /* IngredientTableViewCell.swift in Sources */,
				D0746A732656ACA800F95EAA /* PopupDialogButton.swift in Sources */,
				D0749E552655422A00A444F5 /* AppDelegate.swift in Sources */,
				D0C33101265BB1C80081C411 /* IngredientModel.swift in Sources */,
				D0746A742656ACA800F95EAA /* UIViewController+Visibility.swift in Sources */,
				D0CED4EE2659E211005A8993 /* MG.swift in Sources */,
				D0CED4EB2659E211005A8993 /* BaseModelInt.swift in Sources */,
				D0CED4FC2659E211005A8993 /* NIA.swift in Sources */,
				D0CED4DE2659E211005A8993 /* CHOCDF.swift in Sources */,
				D0CED4E42659E211005A8993 /* VITB12.swift in Sources */,
				D0CED4F02659E211005A8993 /* TOCPHA.swift in Sources */,
				D0CED4E82659E211005A8993 /* NutritionAnalyzeResponse.swift in Sources */,
				D0746A6A2656ACA800F95EAA /* PresentationController.swift in Sources */,
				D0CED4F82659E211005A8993 /* ENERC_KCAL.swift in Sources */,
				D0CED4DD2659E211005A8993 /* FE.swift in Sources */,
				D07FCC9C2659D670009AEF7D /* NutritionTarget.swift in Sources */,
				D0CED4E72659E211005A8993 /* FOLAC.swift in Sources */,
				D0746A782656ACA800F95EAA /* PresentationManager.swift in Sources */,
				D0746AA42656ACD000F95EAA /* UITextField+Additions.swift in Sources */,
				D0CED4F62659E211005A8993 /* BaseModelDouble.swift in Sources */,
				D0746A9A2656ACD000F95EAA /* UIViewController+Additions.swift in Sources */,
				D0746A942656ACD000F95EAA /* UIFont+Additions.swift in Sources */,
				D0746A722656ACA800F95EAA /* PopupDialogOverlayView.swift in Sources */,
				D0CED4DF2659E211005A8993 /* PROCNT_KCAL.swift in Sources */,
				D0746A6F2656ACA800F95EAA /* PopupDialogDefaultButtons.swift in Sources */,
				D0746A912656ACD000F95EAA /* UIView+Extension.swift in Sources */,
				D0CED4F92659E211005A8993 /* FIBTG.swift in Sources */,
				D0749E572655422A00A444F5 /* SceneDelegate.swift in Sources */,
				D0746A752656ACA800F95EAA /* PopupDialog+Keyboard.swift in Sources */,
				D0CED4FA2659E211005A8993 /* RIBF.swift in Sources */,
				D0CED4D82659E211005A8993 /* FOLFD.swift in Sources */,
				D0746A972656ACD000F95EAA /* UIView+Additions.swift in Sources */,
				D0746A762656ACA800F95EAA /* UIView+Animations.swift in Sources */,
				D0CED4E22659E211005A8993 /* FAMS.swift in Sources */,
				D07EC1C3265693F300FEB1CA /* NutritionViewModel.swift in Sources */,
				D0CED4DA2659E211005A8993 /* FATRN.swift in Sources */,
				D0CED4F22659E211005A8993 /* VITK1.swift in Sources */,
				D0746A692656ACA800F95EAA /* InteractiveTransition.swift in Sources */,
				D0CED4E92659E211005A8993 /* FAT_KCAL.swift in Sources */,
				D07FCC5A2659A5BC009AEF7D /* NewRecipeViewController.swift in Sources */,
				D0CED4F12659E211005A8993 /* TotalNutrients.swift in Sources */,
			);
			runOnlyForDeploymentPostprocessing = 0;
		};
		D0749E632655422B00A444F5 /* Sources */ = {
			isa = PBXSourcesBuildPhase;
			buildActionMask = 2147483647;
			files = (
				D0749E6C2655422B00A444F5 /* Nutrition_AnalysisTests.swift in Sources */,
			);
			runOnlyForDeploymentPostprocessing = 0;
		};
		D0749E6E2655422B00A444F5 /* Sources */ = {
			isa = PBXSourcesBuildPhase;
			buildActionMask = 2147483647;
			files = (
				D0749E772655422B00A444F5 /* Nutrition_AnalysisUITests.swift in Sources */,
			);
			runOnlyForDeploymentPostprocessing = 0;
		};
/* End PBXSourcesBuildPhase section */

/* Begin PBXTargetDependency section */
		D0749E692655422B00A444F5 /* PBXTargetDependency */ = {
			isa = PBXTargetDependency;
			target = D0749E502655422A00A444F5 /* Nutrition Analysis */;
			targetProxy = D0749E682655422B00A444F5 /* PBXContainerItemProxy */;
		};
		D0749E742655422B00A444F5 /* PBXTargetDependency */ = {
			isa = PBXTargetDependency;
			target = D0749E502655422A00A444F5 /* Nutrition Analysis */;
			targetProxy = D0749E732655422B00A444F5 /* PBXContainerItemProxy */;
		};
/* End PBXTargetDependency section */

/* Begin PBXVariantGroup section */
		D0749E5A2655422A00A444F5 /* Main.storyboard */ = {
			isa = PBXVariantGroup;
			children = (
				D0749E5B2655422A00A444F5 /* Base */,
			);
			name = Main.storyboard;
			sourceTree = "<group>";
		};
		D0749E5F2655422B00A444F5 /* LaunchScreen.storyboard */ = {
			isa = PBXVariantGroup;
			children = (
				D0749E602655422B00A444F5 /* Base */,
			);
			name = LaunchScreen.storyboard;
			sourceTree = "<group>";
		};
/* End PBXVariantGroup section */

/* Begin XCBuildConfiguration section */
		D0749E792655422B00A444F5 /* Debug */ = {
			isa = XCBuildConfiguration;
			buildSettings = {
				ALWAYS_SEARCH_USER_PATHS = NO;
				CLANG_ANALYZER_NONNULL = YES;
				CLANG_ANALYZER_NUMBER_OBJECT_CONVERSION = YES_AGGRESSIVE;
				CLANG_CXX_LANGUAGE_STANDARD = "gnu++14";
				CLANG_CXX_LIBRARY = "libc++";
				CLANG_ENABLE_MODULES = YES;
				CLANG_ENABLE_OBJC_ARC = YES;
				CLANG_ENABLE_OBJC_WEAK = YES;
				CLANG_WARN_BLOCK_CAPTURE_AUTORELEASING = YES;
				CLANG_WARN_BOOL_CONVERSION = YES;
				CLANG_WARN_COMMA = YES;
				CLANG_WARN_CONSTANT_CONVERSION = YES;
				CLANG_WARN_DEPRECATED_OBJC_IMPLEMENTATIONS = YES;
				CLANG_WARN_DIRECT_OBJC_ISA_USAGE = YES_ERROR;
				CLANG_WARN_DOCUMENTATION_COMMENTS = YES;
				CLANG_WARN_EMPTY_BODY = YES;
				CLANG_WARN_ENUM_CONVERSION = YES;
				CLANG_WARN_INFINITE_RECURSION = YES;
				CLANG_WARN_INT_CONVERSION = YES;
				CLANG_WARN_NON_LITERAL_NULL_CONVERSION = YES;
				CLANG_WARN_OBJC_IMPLICIT_RETAIN_SELF = YES;
				CLANG_WARN_OBJC_LITERAL_CONVERSION = YES;
				CLANG_WARN_OBJC_ROOT_CLASS = YES_ERROR;
				CLANG_WARN_QUOTED_INCLUDE_IN_FRAMEWORK_HEADER = YES;
				CLANG_WARN_RANGE_LOOP_ANALYSIS = YES;
				CLANG_WARN_STRICT_PROTOTYPES = YES;
				CLANG_WARN_SUSPICIOUS_MOVE = YES;
				CLANG_WARN_UNGUARDED_AVAILABILITY = YES_AGGRESSIVE;
				CLANG_WARN_UNREACHABLE_CODE = YES;
				CLANG_WARN__DUPLICATE_METHOD_MATCH = YES;
				COPY_PHASE_STRIP = NO;
				DEBUG_INFORMATION_FORMAT = dwarf;
				ENABLE_STRICT_OBJC_MSGSEND = YES;
				ENABLE_TESTABILITY = YES;
				GCC_C_LANGUAGE_STANDARD = gnu11;
				GCC_DYNAMIC_NO_PIC = NO;
				GCC_NO_COMMON_BLOCKS = YES;
				GCC_OPTIMIZATION_LEVEL = 0;
				GCC_PREPROCESSOR_DEFINITIONS = (
					"DEBUG=1",
					"$(inherited)",
				);
				GCC_WARN_64_TO_32_BIT_CONVERSION = YES;
				GCC_WARN_ABOUT_RETURN_TYPE = YES_ERROR;
				GCC_WARN_UNDECLARED_SELECTOR = YES;
				GCC_WARN_UNINITIALIZED_AUTOS = YES_AGGRESSIVE;
				GCC_WARN_UNUSED_FUNCTION = YES;
				GCC_WARN_UNUSED_VARIABLE = YES;
				IPHONEOS_DEPLOYMENT_TARGET = 14.4;
				MTL_ENABLE_DEBUG_INFO = INCLUDE_SOURCE;
				MTL_FAST_MATH = YES;
				ONLY_ACTIVE_ARCH = YES;
				SDKROOT = iphoneos;
				SWIFT_ACTIVE_COMPILATION_CONDITIONS = DEBUG;
				SWIFT_OPTIMIZATION_LEVEL = "-Onone";
			};
			name = Debug;
		};
		D0749E7A2655422B00A444F5 /* Release */ = {
			isa = XCBuildConfiguration;
			buildSettings = {
				ALWAYS_SEARCH_USER_PATHS = NO;
				CLANG_ANALYZER_NONNULL = YES;
				CLANG_ANALYZER_NUMBER_OBJECT_CONVERSION = YES_AGGRESSIVE;
				CLANG_CXX_LANGUAGE_STANDARD = "gnu++14";
				CLANG_CXX_LIBRARY = "libc++";
				CLANG_ENABLE_MODULES = YES;
				CLANG_ENABLE_OBJC_ARC = YES;
				CLANG_ENABLE_OBJC_WEAK = YES;
				CLANG_WARN_BLOCK_CAPTURE_AUTORELEASING = YES;
				CLANG_WARN_BOOL_CONVERSION = YES;
				CLANG_WARN_COMMA = YES;
				CLANG_WARN_CONSTANT_CONVERSION = YES;
				CLANG_WARN_DEPRECATED_OBJC_IMPLEMENTATIONS = YES;
				CLANG_WARN_DIRECT_OBJC_ISA_USAGE = YES_ERROR;
				CLANG_WARN_DOCUMENTATION_COMMENTS = YES;
				CLANG_WARN_EMPTY_BODY = YES;
				CLANG_WARN_ENUM_CONVERSION = YES;
				CLANG_WARN_INFINITE_RECURSION = YES;
				CLANG_WARN_INT_CONVERSION = YES;
				CLANG_WARN_NON_LITERAL_NULL_CONVERSION = YES;
				CLANG_WARN_OBJC_IMPLICIT_RETAIN_SELF = YES;
				CLANG_WARN_OBJC_LITERAL_CONVERSION = YES;
				CLANG_WARN_OBJC_ROOT_CLASS = YES_ERROR;
				CLANG_WARN_QUOTED_INCLUDE_IN_FRAMEWORK_HEADER = YES;
				CLANG_WARN_RANGE_LOOP_ANALYSIS = YES;
				CLANG_WARN_STRICT_PROTOTYPES = YES;
				CLANG_WARN_SUSPICIOUS_MOVE = YES;
				CLANG_WARN_UNGUARDED_AVAILABILITY = YES_AGGRESSIVE;
				CLANG_WARN_UNREACHABLE_CODE = YES;
				CLANG_WARN__DUPLICATE_METHOD_MATCH = YES;
				COPY_PHASE_STRIP = NO;
				DEBUG_INFORMATION_FORMAT = "dwarf-with-dsym";
				ENABLE_NS_ASSERTIONS = NO;
				ENABLE_STRICT_OBJC_MSGSEND = YES;
				GCC_C_LANGUAGE_STANDARD = gnu11;
				GCC_NO_COMMON_BLOCKS = YES;
				GCC_WARN_64_TO_32_BIT_CONVERSION = YES;
				GCC_WARN_ABOUT_RETURN_TYPE = YES_ERROR;
				GCC_WARN_UNDECLARED_SELECTOR = YES;
				GCC_WARN_UNINITIALIZED_AUTOS = YES_AGGRESSIVE;
				GCC_WARN_UNUSED_FUNCTION = YES;
				GCC_WARN_UNUSED_VARIABLE = YES;
				IPHONEOS_DEPLOYMENT_TARGET = 14.4;
				MTL_ENABLE_DEBUG_INFO = NO;
				MTL_FAST_MATH = YES;
				SDKROOT = iphoneos;
				SWIFT_COMPILATION_MODE = wholemodule;
				SWIFT_OPTIMIZATION_LEVEL = "-O";
				VALIDATE_PRODUCT = YES;
			};
			name = Release;
		};
		D0749E7C2655422B00A444F5 /* Debug */ = {
			isa = XCBuildConfiguration;
			baseConfigurationReference = 0E77147CEF4B01119426A7BD /* Pods-Nutrition Analysis.debug.xcconfig */;
			buildSettings = {
				ASSETCATALOG_COMPILER_APPICON_NAME = AppIcon;
				ASSETCATALOG_COMPILER_GLOBAL_ACCENT_COLOR_NAME = AccentColor;
				CODE_SIGN_STYLE = Automatic;
				INFOPLIST_FILE = "Nutrition Analysis/Info.plist";
				LD_RUNPATH_SEARCH_PATHS = (
					"$(inherited)",
					"@executable_path/Frameworks",
				);
				PRODUCT_BUNDLE_IDENTIFIER = "mina.Nutrition-Analysis";
				PRODUCT_NAME = "$(TARGET_NAME)";
				SWIFT_VERSION = 5.0;
				TARGETED_DEVICE_FAMILY = "1,2";
			};
			name = Debug;
		};
		D0749E7D2655422B00A444F5 /* Release */ = {
			isa = XCBuildConfiguration;
			baseConfigurationReference = 7710DC2512A63B2A086DC498 /* Pods-Nutrition Analysis.release.xcconfig */;
			buildSettings = {
				ASSETCATALOG_COMPILER_APPICON_NAME = AppIcon;
				ASSETCATALOG_COMPILER_GLOBAL_ACCENT_COLOR_NAME = AccentColor;
				CODE_SIGN_STYLE = Automatic;
				INFOPLIST_FILE = "Nutrition Analysis/Info.plist";
				LD_RUNPATH_SEARCH_PATHS = (
					"$(inherited)",
					"@executable_path/Frameworks",
				);
				PRODUCT_BUNDLE_IDENTIFIER = "mina.Nutrition-Analysis";
				PRODUCT_NAME = "$(TARGET_NAME)";
				SWIFT_VERSION = 5.0;
				TARGETED_DEVICE_FAMILY = "1,2";
			};
			name = Release;
		};
		D0749E7F2655422B00A444F5 /* Debug */ = {
			isa = XCBuildConfiguration;
			baseConfigurationReference = 7EE08287EA22174A056E8BE2 /* Pods-Nutrition AnalysisTests.debug.xcconfig */;
			buildSettings = {
				ALWAYS_EMBED_SWIFT_STANDARD_LIBRARIES = YES;
				BUNDLE_LOADER = "$(TEST_HOST)";
				CODE_SIGN_STYLE = Automatic;
				INFOPLIST_FILE = "Nutrition AnalysisTests/Info.plist";
				IPHONEOS_DEPLOYMENT_TARGET = 14.4;
				LD_RUNPATH_SEARCH_PATHS = (
					"$(inherited)",
					"@executable_path/Frameworks",
					"@loader_path/Frameworks",
				);
				PRODUCT_BUNDLE_IDENTIFIER = "mina.Nutrition-AnalysisTests";
				PRODUCT_NAME = "$(TARGET_NAME)";
				SWIFT_VERSION = 5.0;
				TARGETED_DEVICE_FAMILY = "1,2";
				TEST_HOST = "$(BUILT_PRODUCTS_DIR)/Nutrition Analysis.app/Nutrition Analysis";
			};
			name = Debug;
		};
		D0749E802655422B00A444F5 /* Release */ = {
			isa = XCBuildConfiguration;
			baseConfigurationReference = 8B52500C5930AC83AAED1D49 /* Pods-Nutrition AnalysisTests.release.xcconfig */;
			buildSettings = {
				ALWAYS_EMBED_SWIFT_STANDARD_LIBRARIES = YES;
				BUNDLE_LOADER = "$(TEST_HOST)";
				CODE_SIGN_STYLE = Automatic;
				INFOPLIST_FILE = "Nutrition AnalysisTests/Info.plist";
				IPHONEOS_DEPLOYMENT_TARGET = 14.4;
				LD_RUNPATH_SEARCH_PATHS = (
					"$(inherited)",
					"@executable_path/Frameworks",
					"@loader_path/Frameworks",
				);
				PRODUCT_BUNDLE_IDENTIFIER = "mina.Nutrition-AnalysisTests";
				PRODUCT_NAME = "$(TARGET_NAME)";
				SWIFT_VERSION = 5.0;
				TARGETED_DEVICE_FAMILY = "1,2";
				TEST_HOST = "$(BUILT_PRODUCTS_DIR)/Nutrition Analysis.app/Nutrition Analysis";
			};
			name = Release;
		};
		D0749E822655422B00A444F5 /* Debug */ = {
			isa = XCBuildConfiguration;
			baseConfigurationReference = C98171584558B6FA28F8350A /* Pods-Nutrition Analysis-Nutrition AnalysisUITests.debug.xcconfig */;
			buildSettings = {
				ALWAYS_EMBED_SWIFT_STANDARD_LIBRARIES = YES;
				CODE_SIGN_STYLE = Automatic;
				INFOPLIST_FILE = "Nutrition AnalysisUITests/Info.plist";
				LD_RUNPATH_SEARCH_PATHS = (
					"$(inherited)",
					"@executable_path/Frameworks",
					"@loader_path/Frameworks",
				);
				PRODUCT_BUNDLE_IDENTIFIER = "mina.Nutrition-AnalysisUITests";
				PRODUCT_NAME = "$(TARGET_NAME)";
				SWIFT_VERSION = 5.0;
				TARGETED_DEVICE_FAMILY = "1,2";
				TEST_TARGET_NAME = "Nutrition Analysis";
			};
			name = Debug;
		};
		D0749E832655422B00A444F5 /* Release */ = {
			isa = XCBuildConfiguration;
			baseConfigurationReference = DA5EAB1181DD1F68C6C5FE38 /* Pods-Nutrition Analysis-Nutrition AnalysisUITests.release.xcconfig */;
			buildSettings = {
				ALWAYS_EMBED_SWIFT_STANDARD_LIBRARIES = YES;
				CODE_SIGN_STYLE = Automatic;
				INFOPLIST_FILE = "Nutrition AnalysisUITests/Info.plist";
				LD_RUNPATH_SEARCH_PATHS = (
					"$(inherited)",
					"@executable_path/Frameworks",
					"@loader_path/Frameworks",
				);
				PRODUCT_BUNDLE_IDENTIFIER = "mina.Nutrition-AnalysisUITests";
				PRODUCT_NAME = "$(TARGET_NAME)";
				SWIFT_VERSION = 5.0;
				TARGETED_DEVICE_FAMILY = "1,2";
				TEST_TARGET_NAME = "Nutrition Analysis";
			};
			name = Release;
		};
/* End XCBuildConfiguration section */

/* Begin XCConfigurationList section */
		D0749E4C2655422A00A444F5 /* Build configuration list for PBXProject "Nutrition Analysis" */ = {
			isa = XCConfigurationList;
			buildConfigurations = (
				D0749E792655422B00A444F5 /* Debug */,
				D0749E7A2655422B00A444F5 /* Release */,
			);
			defaultConfigurationIsVisible = 0;
			defaultConfigurationName = Release;
		};
		D0749E7B2655422B00A444F5 /* Build configuration list for PBXNativeTarget "Nutrition Analysis" */ = {
			isa = XCConfigurationList;
			buildConfigurations = (
				D0749E7C2655422B00A444F5 /* Debug */,
				D0749E7D2655422B00A444F5 /* Release */,
			);
			defaultConfigurationIsVisible = 0;
			defaultConfigurationName = Release;
		};
		D0749E7E2655422B00A444F5 /* Build configuration list for PBXNativeTarget "Nutrition AnalysisTests" */ = {
			isa = XCConfigurationList;
			buildConfigurations = (
				D0749E7F2655422B00A444F5 /* Debug */,
				D0749E802655422B00A444F5 /* Release */,
			);
			defaultConfigurationIsVisible = 0;
			defaultConfigurationName = Release;
		};
		D0749E812655422B00A444F5 /* Build configuration list for PBXNativeTarget "Nutrition AnalysisUITests" */ = {
			isa = XCConfigurationList;
			buildConfigurations = (
				D0749E822655422B00A444F5 /* Debug */,
				D0749E832655422B00A444F5 /* Release */,
			);
			defaultConfigurationIsVisible = 0;
			defaultConfigurationName = Release;
		};
/* End XCConfigurationList section */
	};
	rootObject = D0749E492655422A00A444F5 /* Project object */;
}
